
Microsoft Visual Studio Solution File, Format Version 12.00
# Visual Studio Version 17
VisualStudioVersion = 17.0.31903.59
MinimumVisualStudioVersion = 10.0.40219.1
Project("{2150E333-8FDC-42A3-9474-1A3956D46DE8}") = "apphost", "apphost", "{90DCE71B-4939-B80A-CE8C-85DE2210C7AC}"
EndProject
Project("{FAE04EC0-301F-11D3-BF4B-00C04F79EFBC}") = "AppHost", "apphost\AppHost.csproj", "{4BCAD58E-E4A2-4C46-9A0F-3D5AD49EFCD7}"
EndProject
Project("{2150E333-8FDC-42A3-9474-1A3956D46DE8}") = "Solution Items", "Solution Items", "{8EC462FD-D22E-90A8-E5CE-7E832BA40C5D}"
	ProjectSection(SolutionItems) = preProject
		Directory.Build.props = Directory.Build.props
		Directory.Packages.props = Directory.Packages.props
		nuget.config = nuget.config
	EndProjectSection
EndProject
Project("{2150E333-8FDC-42A3-9474-1A3956D46DE8}") = "gateway", "gateway", "{E7BDDBC6-9FD1-D1D7-ACD8-2C4F8E3D2461}"
EndProject
Project("{FAE04EC0-301F-11D3-BF4B-00C04F79EFBC}") = "ApiGateway", "gateway\ApiGateway.csproj", "{C8138F33-B436-4609-9225-9F683F70CF76}"
EndProject
Global
	GlobalSection(SolutionConfigurationPlatforms) = preSolution
		Debug|Any CPU = Debug|Any CPU
		Debug|x64 = Debug|x64
		Debug|x86 = Debug|x86
		Release|Any CPU = Release|Any CPU
		Release|x64 = Release|x64
		Release|x86 = Release|x86
	EndGlobalSection
	GlobalSection(ProjectConfigurationPlatforms) = postSolution
		{4BCAD58E-E4A2-4C46-9A0F-3D5AD49EFCD7}.Debug|Any CPU.ActiveCfg = Debug|Any CPU
		{4BCAD58E-E4A2-4C46-9A0F-3D5AD49EFCD7}.Debug|Any CPU.Build.0 = Debug|Any CPU
		{4BCAD58E-E4A2-4C46-9A0F-3D5AD49EFCD7}.Debug|x64.ActiveCfg = Debug|Any CPU
		{4BCAD58E-E4A2-4C46-9A0F-3D5AD49EFCD7}.Debug|x64.Build.0 = Debug|Any CPU
		{4BCAD58E-E4A2-4C46-9A0F-3D5AD49EFCD7}.Debug|x86.ActiveCfg = Debug|Any CPU
		{4BCAD58E-E4A2-4C46-9A0F-3D5AD49EFCD7}.Debug|x86.Build.0 = Debug|Any CPU
		{4BCAD58E-E4A2-4C46-9A0F-3D5AD49EFCD7}.Release|Any CPU.ActiveCfg = Release|Any CPU
		{4BCAD58E-E4A2-4C46-9A0F-3D5AD49EFCD7}.Release|Any CPU.Build.0 = Release|Any CPU
		{4BCAD58E-E4A2-4C46-9A0F-3D5AD49EFCD7}.Release|x64.ActiveCfg = Release|Any CPU
		{4BCAD58E-E4A2-4C46-9A0F-3D5AD49EFCD7}.Release|x64.Build.0 = Release|Any CPU
		{4BCAD58E-E4A2-4C46-9A0F-3D5AD49EFCD7}.Release|x86.ActiveCfg = Release|Any CPU
		{4BCAD58E-E4A2-4C46-9A0F-3D5AD49EFCD7}.Release|x86.Build.0 = Release|Any CPU
		{C8138F33-B436-4609-9225-9F683F70CF76}.Debug|Any CPU.ActiveCfg = Debug|Any CPU
		{C8138F33-B436-4609-9225-9F683F70CF76}.Debug|Any CPU.Build.0 = Debug|Any CPU
		{C8138F33-B436-4609-9225-9F683F70CF76}.Debug|x64.ActiveCfg = Debug|Any CPU
		{C8138F33-B436-4609-9225-9F683F70CF76}.Debug|x64.Build.0 = Debug|Any CPU
		{C8138F33-B436-4609-9225-9F683F70CF76}.Debug|x86.ActiveCfg = Debug|Any CPU
		{C8138F33-B436-4609-9225-9F683F70CF76}.Debug|x86.Build.0 = Debug|Any CPU
		{C8138F33-B436-4609-9225-9F683F70CF76}.Release|Any CPU.ActiveCfg = Release|Any CPU
		{C8138F33-B436-4609-9225-9F683F70CF76}.Release|Any CPU.Build.0 = Release|Any CPU
		{C8138F33-B436-4609-9225-9F683F70CF76}.Release|x64.ActiveCfg = Release|Any CPU
		{C8138F33-B436-4609-9225-9F683F70CF76}.Release|x64.Build.0 = Release|Any CPU
		{C8138F33-B436-4609-9225-9F683F70CF76}.Release|x86.ActiveCfg = Release|Any CPU
		{C8138F33-B436-4609-9225-9F683F70CF76}.Release|x86.Build.0 = Release|Any CPU
	EndGlobalSection
	GlobalSection(SolutionProperties) = preSolution
		HideSolutionNode = FALSE
	EndGlobalSection
	GlobalSection(NestedProjects) = preSolution
		{4BCAD58E-E4A2-4C46-9A0F-3D5AD49EFCD7} = {90DCE71B-4939-B80A-CE8C-85DE2210C7AC}
		{C8138F33-B436-4609-9225-9F683F70CF76} = {E7BDDBC6-9FD1-D1D7-ACD8-2C4F8E3D2461}
	EndGlobalSection
EndGlobal
