{
  "version": 2,
  "dependencies": {
    "net10.0": {
      "Aspire.NATS.Net": {
        "type": "Direct",
        "requested": "[13.2.0, )",
        "resolved": "13.2.0",
        "contentHash": "5GjaeMmbOh5JNi7tKmZadaPXLqI+GR57KEfTfVF7CTfSOsmhhfkZVmfInJcKfhe7Zi7wlbUkwjn94HIbqYj3nQ==",
        "dependencies": {
          "NATS.Net": "2.7.2",
          "OpenTelemetry.Extensions.Hosting": "1.15.0"
        }
      },
      "Microsoft.AspNetCore.OpenApi": {
        "type": "Direct",
        "requested": "[10.0.1, )",
        "resolved": "10.0.1",
        "contentHash": "gMY53EggRIFawhue66GanHcm1Tcd0+QzzMwnMl60LrEoJhGgzA9qAbLx6t/ON3hX4flc2NcEbTK1Z5GCLYHcwA==",
        "dependencies": {
          "Microsoft.OpenApi": "2.0.0"
        }
      },
      "Microsoft.OpenApi": {
        "type": "Transitive",
        "resolved": "2.0.0",
        "contentHash": "GGYLfzV/G/ct80OZ45JxnWP7NvMX1BCugn/lX7TH5o0lcVaviavsLMTxmFV2AybXWjbi3h6FF1vgZiTK6PXndw=="
      },
      "NATS.Client.Abstractions": {
        "type": "Transitive",
        "resolved": "2.7.2",
        "contentHash": "rmTLKjqNCgmloOFRYkg9NRrYXFKpjqlxbbCQrCEYckiRtU8I38Vf9B3sT7wiG34lmc//l0hLQLQRv9emcDjRvA=="
      },
      "NATS.Client.Core": {
        "type": "Transitive",
        "resolved": "2.7.2",
        "contentHash": "la0KCjuoMkOQkhf+uzIc+79GYxx2q6LBoFOT+q91LhpziPJbRgtKRBpvCkAmd+1GuYdB+IZmUAgXVp2Z+Fk7kQ==",
        "dependencies": {
          "NATS.Client.Abstractions": "2.7.2"
        }
      },
      "NATS.Client.Hosting": {
        "type": "Transitive",
        "resolved": "2.7.2",
        "contentHash": "cH5JY3x57knW6kIrmVRe0e1FsJZOa2rMxeEzpGsomuMyELjCZAjU2swV4VlT9ZCk4tiHrafXn14icX8UoQyDmQ==",
        "dependencies": {
          "NATS.Client.Core": "2.7.2"
        }
      },
      "NATS.Client.JetStream": {
        "type": "Transitive",
        "resolved": "2.7.2",
        "contentHash": "1naI0Z42QYke5qFWkuYnJ59V5jX0471/Wa06jbqQtoCmPUMbDZwL/zGPvWyMk+Cz02VuYJlhSMwE+Gw8nQJFVQ==",
        "dependencies": {
          "NATS.Client.Core": "2.7.2"
        }
      },
      "NATS.Client.KeyValueStore": {
        "type": "Transitive",
        "resolved": "2.7.2",
        "contentHash": "ZZpkiu+C02alZGJMslEmOlo3yZxil2siu5etEMUbHrAo4uZmeUVhRqu8+eoKpc5q5Bb23yqgHnFhDwb7DmoeoA==",
        "dependencies": {
          "NATS.Client.JetStream": "2.7.2"
        }
      },
      "NATS.Client.ObjectStore": {
        "type": "Transitive",
        "resolved": "2.7.2",
        "contentHash": "nOyKFnnYB6ZP4dU9z+rZcSdw9yr9vWv0hTYBwd80jL02RBruF/uL6ot3Pj/IAEXcYfldrz43il3IAyvV1Uzc3g==",
        "dependencies": {
          "NATS.Client.JetStream": "2.7.2"
        }
      },
      "NATS.Client.Serializers.Json": {
        "type": "Transitive",
        "resolved": "2.7.2",
        "contentHash": "aWRhN7xMfH3bVtUCUBmZGjBS7WtciLUGowJDjCg1Lw+lP9wZpBiqUFg2J50jxv7PiwJzxaEdNbZgAQ78P0PWqA==",
        "dependencies": {
          "NATS.Client.Abstractions": "2.7.2"
        }
      },
      "NATS.Client.Services": {
        "type": "Transitive",
        "resolved": "2.7.2",
        "contentHash": "RXXMfgojmi2UTNMJlyEW2gn9x7OBjITz31WyQ4Jziz+y0dNljUbSmCL3wcnIrChVhNNp/QEvpUYbhS2t1GxCEg==",
        "dependencies": {
          "NATS.Client.Core": "2.7.2"
        }
      },
      "NATS.Client.Simplified": {
        "type": "Transitive",
        "resolved": "2.7.2",
        "contentHash": "SW1PrEPBBMIrJ5ARIzL+chr5yhYySWQkDsDB9d9sJWgb2tkZ0tzYE+RFIrRoa38TgeAT6BV5zTYg26U912vl1w==",
        "dependencies": {
          "NATS.Client.Core": "2.7.2",
          "NATS.Client.Serializers.Json": "2.7.2"
        }
      },
      "OpenTelemetry": {
        "type": "Transitive",
        "resolved": "1.15.0",
        "contentHash": "7mS/oZFF8S6xyqGQfMU1btp0nXJQUPWV535Vp/XMLYwRAUv36xQN+U4vufWBF1+z4HnRTOwuFHtUSGnHbyN6FQ==",
        "dependencies": {
          "OpenTelemetry.Api.ProviderBuilderExtensions": "1.15.0"
        }
      },
      "OpenTelemetry.Api": {
        "type": "Transitive",
        "resolved": "1.15.0",
        "contentHash": "vk5OGdf6K9kQScCWo3bRjhDWCv6Pqw92IpX4dlARZ8B1WL7/2NGTDtCkkw42eQf7UdwyoHKzVvMH/PtL8d6z7w=="
      },
      "OpenTelemetry.Api.ProviderBuilderExtensions": {
        "type": "Transitive",
        "resolved": "1.15.0",
        "contentHash": "OnuSUlRpGvowkOzGFQfy+KZFu0cITfKfh2IYJJiZskxVJiOuexwOOuvfDAgpJdmTzVWAHjYdz2shcHZaJ06UjQ==",
        "dependencies": {
          "OpenTelemetry.Api": "1.15.0"
        }
      },
      "infrastructure": {
        "type": "Project",
        "dependencies": {
          "NATS.Net": "[2.7.2, )"
        }
      },
      "sentinel.application": {
        "type": "Project",
        "dependencies": {
          "Sentinel.Core": "[1.0.0, )"
        }
      },
      "sentinel.core": {
        "type": "Project"
      },
      "sentinel.infrastructure": {
        "type": "Project",
        "dependencies": {
          "Infrastructure": "[1.0.0, )",
          "NATS.Net": "[2.7.2, )",
          "Sentinel.Application": "[1.0.0, )",
          "Sentinel.Core": "[1.0.0, )"
        }
      },
      "NATS.Net": {
        "type": "CentralTransitive",
        "requested": "[2.7.2, )",
        "resolved": "2.7.2",
        "contentHash": "6B8RlcstYwgoKm9IXcZEDADpH93Hn6+LcvR8hvmFa8jzwshNlIArv8tL5jelJD+fQmnlymKoQYcZ5cL7J1bITw==",
        "dependencies": {
          "NATS.Client.Core": "2.7.2",
          "NATS.Client.Hosting": "2.7.2",
          "NATS.Client.JetStream": "2.7.2",
          "NATS.Client.KeyValueStore": "2.7.2",
          "NATS.Client.ObjectStore": "2.7.2",
          "NATS.Client.Serializers.Json": "2.7.2",
          "NATS.Client.Services": "2.7.2",
          "NATS.Client.Simplified": "2.7.2"
        }
      },
      "OpenTelemetry.Extensions.Hosting": {
        "type": "CentralTransitive",
        "requested": "[1.15.0, )",
        "resolved": "1.15.0",
        "contentHash": "RixjKyB1pbYGhWdvPto4KJs+exdQknJsnjUO9WszdLles5Vcd0EYzxPNJdwmLjYfP+Jfbr4B5nktM4ZgeHSWtg==",
        "dependencies": {
          "OpenTelemetry": "1.15.0"
        }
      }
    },
    "net10.0/linux-x64": {},
    "net10.0/osx-x64": {},
    "net10.0/win-x64": {}
  }
}