{
  "version": 2,
  "dependencies": {
    "net10.0": {
      "Aspire.NATS.Net": {
        "type": "Direct",
        "requested": "[13.2.4, )",
        "resolved": "13.2.4",
        "contentHash": "n7RLqlz4QjM1njXkPEuSbOM9UPAm99pdBxPo9bh1QAvs4j5XNhnPnLX3tYZ8jBS34xJY/nKkY9ycNxXauHl45A==",
        "dependencies": {
          "NATS.Net": "2.7.2",
          "OpenTelemetry.Extensions.Hosting": "1.15.3"
        }
      },
      "Microsoft.AspNetCore.OpenApi": {
        "type": "Direct",
        "requested": "[10.0.1, )",
        "resolved": "10.0.1",
        "contentHash": "gMY53EggRIFawhue66GanHcm1Tcd0+QzzMwnMl60LrEoJhGgzA9qAbLx6t/ON3hX4flc2NcEbTK1Z5GCLYHcwA==",
        "dependencies": {
          "Microsoft.OpenApi": "2.0.0"
        }
      },
      "OpenIddict.AspNetCore": {
        "type": "Direct",
        "requested": "[7.2.0, )",
        "resolved": "7.2.0",
        "contentHash": "BY8MOSxdz1k5y2XfzEqeHRIE2jXvrrP0XINAEZJMRnvqbt3vQALO+8a6dkJQv/7TWYrhQVKc5GiLoVFi82q/yw==",
        "dependencies": {
          "OpenIddict": "7.2.0",
          "OpenIddict.Client.AspNetCore": "7.2.0",
          "OpenIddict.Client.DataProtection": "7.2.0",
          "OpenIddict.Server.AspNetCore": "7.2.0",
          "OpenIddict.Server.DataProtection": "7.2.0",
          "OpenIddict.Validation.AspNetCore": "7.2.0",
          "OpenIddict.Validation.DataProtection": "7.2.0"
        }
      },
      "Azure.Core": {
        "type": "Transitive",
        "resolved": "1.47.1",
        "contentHash": "oPcncSsDHuxB8SC522z47xbp2+ttkcKv2YZ90KXhRKN0YQd2+7l1UURT9EBzUNEXtkLZUOAB5xbByMTrYRh3yA==",
        "dependencies": {
          "Microsoft.Bcl.AsyncInterfaces": "8.0.0",
          "System.ClientModel": "1.5.1",
          "System.Memory.Data": "8.0.1"
        }
      },
      "Azure.Identity": {
        "type": "Transitive",
        "resolved": "1.14.2",
        "contentHash": "YhNMwOTwT+I2wIcJKSdP0ADyB2aK+JaYWZxO8LSRDm5w77LFr0ykR9xmt2ZV5T1gaI7xU6iNFIh/yW1dAlpddQ==",
        "dependencies": {
          "Azure.Core": "1.46.1",
          "Microsoft.Identity.Client": "4.73.1",
          "Microsoft.Identity.Client.Extensions.Msal": "4.73.1"
        }
      },
      "Humanizer.Core": {
        "type": "Transitive",
        "resolved": "2.14.1",
        "contentHash": "lQKvtaTDOXnoVJ20ibTuSIOf2i0uO0MPbDhd1jm238I+U/2ZnRENj0cktKZhtchBMtCUSRQ5v4xBCUbKNmyVMw=="
      },
      "Microsoft.Bcl.AsyncInterfaces": {
        "type": "Transitive",
        "resolved": "8.0.0",
        "contentHash": "3WA9q9yVqJp222P3x1wYIGDAkpjAku0TMUaaQV22g6L67AI0LdOIrVS7Ht2vJfLHGSPVuqN94vIr15qn+HEkHw=="
      },
      "Microsoft.Bcl.Cryptography": {
        "type": "Transitive",
        "resolved": "9.0.4",
        "contentHash": "YgZYAWzyNuPVtPq6WNm0bqOWNjYaWgl5mBWTGZyNoXitYBUYSp6iUB9AwK0V1mo793qRJUXz2t6UZrWITZSvuQ=="
      },
      "Microsoft.Build.Framework": {
        "type": "Transitive",
        "resolved": "18.0.2",
        "contentHash": "sOSb+0J4G/jCBW/YqmRuL0eOMXgfw1KQLdC9TkbvfA5xs7uNm+PBQXJCOzSJGXtZcZrtXozcwxPmUiRUbmd7FA=="
      },
      "Microsoft.CodeAnalysis.Analyzers": {
        "type": "Transitive",
        "resolved": "3.11.0",
        "contentHash": "v/EW3UE8/lbEYHoC2Qq7AR/DnmvpgdtAMndfQNmpuIMx/Mto8L5JnuCfdBYtgvalQOtfNCnxFejxuRrryvUTsg=="
      },
      "Microsoft.CodeAnalysis.Common": {
        "type": "Transitive",
        "resolved": "5.0.0",
        "contentHash": "ZXRAdvH6GiDeHRyd3q/km8Z44RoM6FBWHd+gen/la81mVnAdHTEsEkO5J0TCNXBymAcx5UYKt5TvgKBhaLJEow==",
        "dependencies": {
          "Microsoft.CodeAnalysis.Analyzers": "3.11.0"
        }
      },
      "Microsoft.CodeAnalysis.CSharp": {
        "type": "Transitive",
        "resolved": "5.0.0",
        "contentHash": "5DSyJ9bk+ATuDy7fp2Zt0mJStDVKbBoiz1DyfAwSa+k4H4IwykAUcV3URelw5b8/iVbfSaOwkwmPUZH6opZKCw==",
        "dependencies": {
          "Microsoft.CodeAnalysis.Analyzers": "3.11.0",
          "Microsoft.CodeAnalysis.Common": "[5.0.0]"
        }
      },
      "Microsoft.CodeAnalysis.CSharp.Workspaces": {
        "type": "Transitive",
        "resolved": "5.0.0",
        "contentHash": "Al/Q8B+yO8odSqGVpSvrShMFDvlQdIBU//F3E6Rb0YdiLSALE9wh/pvozPNnfmh5HDnvU+mkmSjpz4hQO++jaA==",
        "dependencies": {
          "Humanizer.Core": "2.14.1",
          "Microsoft.CodeAnalysis.Analyzers": "3.11.0",
          "Microsoft.CodeAnalysis.CSharp": "[5.0.0]",
          "Microsoft.CodeAnalysis.Common": "[5.0.0]",
          "Microsoft.CodeAnalysis.Workspaces.Common": "[5.0.0]",
          "System.Composition": "9.0.0"
        }
      },
      "Microsoft.CodeAnalysis.Workspaces.Common": {
        "type": "Transitive",
        "resolved": "5.0.0",
        "contentHash": "ZbUmIvT6lqTNKiv06Jl5wf0MTMi1vQ1oH7ou4CLcs2C/no/L7EhP3T8y3XXvn9VbqMcJaJnEsNA1jwYUMgc5jg==",
        "dependencies": {
          "Humanizer.Core": "2.14.1",
          "Microsoft.CodeAnalysis.Analyzers": "3.11.0",
          "Microsoft.CodeAnalysis.Common": "[5.0.0]",
          "System.Composition": "9.0.0"
        }
      },
      "Microsoft.CodeAnalysis.Workspaces.MSBuild": {
        "type": "Transitive",
        "resolved": "5.0.0",
        "contentHash": "/G+LVoAGMz6Ae8nm+PGLxSw+F5RjYx/J7irbTO5uKAPw1bxHyQJLc/YOnpDxt+EpPtYxvC9wvBsg/kETZp1F9Q==",
        "dependencies": {
          "Humanizer.Core": "2.14.1",
          "Microsoft.Build.Framework": "17.11.31",
          "Microsoft.CodeAnalysis.Analyzers": "3.11.0",
          "Microsoft.CodeAnalysis.Workspaces.Common": "[5.0.0]",
          "Microsoft.VisualStudio.SolutionPersistence": "1.0.52",
          "Newtonsoft.Json": "13.0.3",
          "System.Composition": "9.0.0"
        }
      },
      "Microsoft.Data.SqlClient": {
        "type": "Transitive",
        "resolved": "6.1.1",
        "contentHash": "syGQmIUPAYYHAHyTD8FCkTNThpQWvoA7crnIQRMfp8dyB5A2cWU3fQexlRTFkVmV7S0TjVmthi0LJEFVjHo8AQ==",
        "dependencies": {
          "Azure.Core": "1.47.1",
          "Azure.Identity": "1.14.2",
          "Microsoft.Bcl.Cryptography": "9.0.4",
          "Microsoft.Data.SqlClient.SNI.runtime": "6.0.2",
          "Microsoft.IdentityModel.JsonWebTokens": "7.7.1",
          "Microsoft.IdentityModel.Protocols.OpenIdConnect": "7.7.1",
          "Microsoft.SqlServer.Server": "1.0.0",
          "System.Configuration.ConfigurationManager": "9.0.4",
          "System.Security.Cryptography.Pkcs": "9.0.4"
        }
      },
      "Microsoft.Data.SqlClient.SNI.runtime": {
        "type": "Transitive",
        "resolved": "6.0.2",
        "contentHash": "f+pRODTWX7Y67jXO3T5S2dIPZ9qMJNySjlZT/TKmWVNWe19N8jcWmHaqHnnchaq3gxEKv1SWVY5EFzOD06l41w=="
      },
      "Microsoft.EntityFrameworkCore.Abstractions": {
        "type": "Transitive",
        "resolved": "10.0.2",
        "contentHash": "BzAwIU5mYeOmnKbEXrkwx7feW2V+zUTrK/kRonSib94tjvc0/iRj2a4N6YGXRhTNjaFP3tvCMIDaX1vIFF6dkg=="
      },
      "Microsoft.EntityFrameworkCore.Analyzers": {
        "type": "Transitive",
        "resolved": "10.0.2",
        "contentHash": "5C8aKN2HFhXfLhkrVvQ6yH990nw35pS7HNnwdBc628zIREaKJ4/rkdCXzxOdZo/SnCT3Kg7a/CqnhlzuJhlD4Q=="
      },
      "Microsoft.EntityFrameworkCore.Relational": {
        "type": "Transitive",
        "resolved": "10.0.2",
        "contentHash": "1fUeyNmqDNfMogJ2ut7OKO57/WGjjkHMYeX51SpA3PwP7ftbx8g/Z3fbErD+1q14DILrqJfsszYsYhGssBRfDg==",
        "dependencies": {
          "Microsoft.EntityFrameworkCore": "10.0.2"
        }
      },
      "Microsoft.Extensions.AmbientMetadata.Application": {
        "type": "Transitive",
        "resolved": "10.2.0",
        "contentHash": "CNrEjaOCZ8d1HtB0mvpiX4EWxLkee2xy+CsYXxmsEYJSFgw3OmF9pIhP/tCTeYBHhpsKJj5wM63G8IBFGxAcsw=="
      },
      "Microsoft.Extensions.Compliance.Abstractions": {
        "type": "Transitive",
        "resolved": "10.2.0",
        "contentHash": "1a4xDAT6fRyP8t419q3WvWMmMslDTvI7OAZLWBhn5rysFG0bl5xFenTswd1xAbT/3u3mx4Xyb5bPx+V+18tJeQ=="
      },
      "Microsoft.Extensions.DependencyInjection.AutoActivation": {
        "type": "Transitive",
        "resolved": "10.2.0",
        "contentHash": "Z/OI261l7LnxyODKPx0trQyIHFyicCR/akfn64lGOjPcf4FpAZ7ePAGl2HPvQBUBSNfPTF0gWeCfuFmyftMgYA=="
      },
      "Microsoft.Extensions.DependencyModel": {
        "type": "Transitive",
        "resolved": "10.0.2",
        "contentHash": "DHXzj/FKmUDmhzw7AHbMXbNNcgO8Cb9PDbYOUDICjFAdIALy2WbC6pm+dFKiAUNtcYMucZu2iMVw1ef/sdcZFw=="
      },
      "Microsoft.Extensions.Diagnostics.ExceptionSummarization": {
        "type": "Transitive",
        "resolved": "10.2.0",
        "contentHash": "3qMK1D40D10kb5TdBtFJpzz6/WH0NinWs68ZZS8jCFgHMXDiOjGiPOneMmIocCP/wnUUW4Hzf8lMsIE1xIGxDA=="
      },
      "Microsoft.Extensions.Http.Diagnostics": {
        "type": "Transitive",
        "resolved": "10.2.0",
        "contentHash": "I0FBgF6yZRwYH9E3KQ2vHm80YZ7YBj+52GDsmOWXPBv/p15b/wUoNupV9kw3LnSNVsWMqlGbiuZgBnHpMwPh+Q==",
        "dependencies": {
          "Microsoft.Extensions.Telemetry": "10.2.0"
        }
      },
      "Microsoft.Extensions.Http.Polly": {
        "type": "Transitive",
        "resolved": "10.0.0",
        "contentHash": "Jzb6e7kQc/iKDlMt8q8p9Q0rkUi75L/ZFHHTGM4mM6dJBn64YRUgW9k2/Zx7VnsIuu61r5Fhoa6075GTFYo5kg==",
        "dependencies": {
          "Polly": "7.2.4",
          "Polly.Extensions.Http": "3.0.0"
        }
      },
      "Microsoft.Extensions.Resilience": {
        "type": "Transitive",
        "resolved": "10.2.0",
        "contentHash": "v4WOdAOFxB3AcsUkZWNcHL3mYzs4KAPtHO8rkoQlFKOBoD3KyjjAL+h3tRwSK5i4UpF/yhxsQRY0JxKj4osxxw==",
        "dependencies": {
          "Microsoft.Extensions.Diagnostics.ExceptionSummarization": "10.2.0",
          "Microsoft.Extensions.Telemetry.Abstractions": "10.2.0",
          "Polly.Extensions": "8.4.2",
          "Polly.RateLimiting": "8.4.2"
        }
      },
      "Microsoft.Extensions.Telemetry": {
        "type": "Transitive",
        "resolved": "10.2.0",
        "contentHash": "ssW5gosYlewNH/ISTyaLD/XfJT4GSjwShOUKv61fpXrqVmHkhuIA/5bBAGStM1XbzJjt9IG2vzfdHTu4zlX9Ew==",
        "dependencies": {
          "Microsoft.Extensions.AmbientMetadata.Application": "10.2.0",
          "Microsoft.Extensions.DependencyInjection.AutoActivation": "10.2.0",
          "Microsoft.Extensions.Telemetry.Abstractions": "10.2.0"
        }
      },
      "Microsoft.Extensions.Telemetry.Abstractions": {
        "type": "Transitive",
        "resolved": "10.2.0",
        "contentHash": "6V4V6NX6RLUYWwV89DeW/4zK5xOycYHWhsfMXSpKVGgMHfXcczmbk6hBeqTnRPzhpATYcOWlmA6hk1jgdxUugA==",
        "dependencies": {
          "Microsoft.Extensions.Compliance.Abstractions": "10.2.0"
        }
      },
      "Microsoft.Identity.Client": {
        "type": "Transitive",
        "resolved": "4.73.1",
        "contentHash": "NnDLS8QwYqO5ZZecL2oioi1LUqjh5Ewk4bMLzbgiXJbQmZhDLtKwLxL3DpGMlQAJ2G4KgEnvGPKa+OOgffeJbw==",
        "dependencies": {
          "Microsoft.IdentityModel.Abstractions": "6.35.0"
        }
      },
      "Microsoft.Identity.Client.Extensions.Msal": {
        "type": "Transitive",
        "resolved": "4.73.1",
        "contentHash": "xDztAiV2F0wI0W8FLKv5cbaBefyLD6JVaAsvgSN7bjWNCzGYzHbcOEIP5s4TJXUpQzMfUyBsFl1mC6Zmgpz0PQ==",
        "dependencies": {
          "Microsoft.Identity.Client": "4.73.1",
          "System.Security.Cryptography.ProtectedData": "4.5.0"
        }
      },
      "Microsoft.IdentityModel.Abstractions": {
        "type": "Transitive",
        "resolved": "8.14.0",
        "contentHash": "iwbCpSjD3ehfTwBhtSNEtKPK0ICun6ov7Ibx6ISNA9bfwIyzI2Siwyi9eJFCJBwxowK9xcA1mj+jBWiigeqgcQ=="
      },
      "Microsoft.IdentityModel.JsonWebTokens": {
        "type": "Transitive",
        "resolved": "8.14.0",
        "contentHash": "4jOpiA4THdtpLyMdAb24dtj7+6GmvhOhxf5XHLYWmPKF8ApEnApal1UnJsKO4HxUWRXDA6C4WQVfYyqsRhpNpQ==",
        "dependencies": {
          "Microsoft.IdentityModel.Tokens": "8.14.0"
        }
      },
      "Microsoft.IdentityModel.Logging": {
        "type": "Transitive",
        "resolved": "8.14.0",
        "contentHash": "eqqnemdW38CKZEHS6diA50BV94QICozDZEvSrsvN3SJXUFwVB9gy+/oz76gldP7nZliA16IglXjXTCTdmU/Ejg==",
        "dependencies": {
          "Microsoft.IdentityModel.Abstractions": "8.14.0"
        }
      },
      "Microsoft.IdentityModel.Protocols": {
        "type": "Transitive",
        "resolved": "8.14.0",
        "contentHash": "rLr9HmibIpwkrOnsYyF3SGKx+6q2ewKDc3xzITngydqflG3TDVqAaby7yFRbP8du43If2S44fseoAkaL8A0Ivg==",
        "dependencies": {
          "Microsoft.IdentityModel.Tokens": "8.14.0"
        }
      },
      "Microsoft.IdentityModel.Protocols.OpenIdConnect": {
        "type": "Transitive",
        "resolved": "8.0.1",
        "contentHash": "AQDbfpL+yzuuGhO/mQhKNsp44pm5Jv8/BI4KiFXR7beVGZoSH35zMV3PrmcfvSTsyI6qrcR898NzUauD6SRigg==",
        "dependencies": {
          "Microsoft.IdentityModel.Protocols": "8.0.1",
          "System.IdentityModel.Tokens.Jwt": "8.0.1"
        }
      },
      "Microsoft.IdentityModel.Tokens": {
        "type": "Transitive",
        "resolved": "8.14.0",
        "contentHash": "lKIZiBiGd36k02TCdMHp1KlNWisyIvQxcYJvIkz7P4gSQ9zi8dgh6S5Grj8NNG7HWYIPfQymGyoZ6JB5d1Lo1g==",
        "dependencies": {
          "Microsoft.IdentityModel.Logging": "8.14.0"
        }
      },
      "Microsoft.OpenApi": {
        "type": "Transitive",
        "resolved": "2.0.0",
        "contentHash": "GGYLfzV/G/ct80OZ45JxnWP7NvMX1BCugn/lX7TH5o0lcVaviavsLMTxmFV2AybXWjbi3h6FF1vgZiTK6PXndw=="
      },
      "Microsoft.SqlServer.Server": {
        "type": "Transitive",
        "resolved": "1.0.0",
        "contentHash": "N4KeF3cpcm1PUHym1RmakkzfkEv3GRMyofVv40uXsQhCQeglr2OHNcUk2WOG51AKpGO8ynGpo9M/kFXSzghwug=="
      },
      "Microsoft.VisualStudio.SolutionPersistence": {
        "type": "Transitive",
        "resolved": "1.0.52",
        "contentHash": "oNv2JtYXhpdJrX63nibx1JT3uCESOBQ1LAk7Dtz/sr0+laW0KRM6eKp4CZ3MHDR2siIkKsY8MmUkeP5DKkQQ5w=="
      },
      "Mono.TextTemplating": {
        "type": "Transitive",
        "resolved": "3.0.0",
        "contentHash": "YqueG52R/Xej4VVbKuRIodjiAhV0HR/XVbLbNrJhCZnzjnSjgMJ/dCdV0akQQxavX6hp/LC6rqLGLcXeQYU7XA==",
        "dependencies": {
          "System.CodeDom": "6.0.0"
        }
      },
      "NATS.Client.Abstractions": {
        "type": "Transitive",
        "resolved": "2.7.2",
        "contentHash": "rmTLKjqNCgmloOFRYkg9NRrYXFKpjqlxbbCQrCEYckiRtU8I38Vf9B3sT7wiG34lmc//l0hLQLQRv9emcDjRvA=="
      },
      "NATS.Client.Core": {
        "type": "Transitive",
        "resolved": "2.7.2",
        "contentHash": "la0KCjuoMkOQkhf+uzIc+79GYxx2q6LBoFOT+q91LhpziPJbRgtKRBpvCkAmd+1GuYdB+IZmUAgXVp2Z+Fk7kQ==",
        "dependencies": {
          "NATS.Client.Abstractions": "2.7.2"
        }
      },
      "NATS.Client.Hosting": {
        "type": "Transitive",
        "resolved": "2.7.2",
        "contentHash": "cH5JY3x57knW6kIrmVRe0e1FsJZOa2rMxeEzpGsomuMyELjCZAjU2swV4VlT9ZCk4tiHrafXn14icX8UoQyDmQ==",
        "dependencies": {
          "NATS.Client.Core": "2.7.2"
        }
      },
      "NATS.Client.JetStream": {
        "type": "Transitive",
        "resolved": "2.7.2",
        "contentHash": "1naI0Z42QYke5qFWkuYnJ59V5jX0471/Wa06jbqQtoCmPUMbDZwL/zGPvWyMk+Cz02VuYJlhSMwE+Gw8nQJFVQ==",
        "dependencies": {
          "NATS.Client.Core": "2.7.2"
        }
      },
      "NATS.Client.KeyValueStore": {
        "type": "Transitive",
        "resolved": "2.7.2",
        "contentHash": "ZZpkiu+C02alZGJMslEmOlo3yZxil2siu5etEMUbHrAo4uZmeUVhRqu8+eoKpc5q5Bb23yqgHnFhDwb7DmoeoA==",
        "dependencies": {
          "NATS.Client.JetStream": "2.7.2"
        }
      },
      "NATS.Client.ObjectStore": {
        "type": "Transitive",
        "resolved": "2.7.2",
        "contentHash": "nOyKFnnYB6ZP4dU9z+rZcSdw9yr9vWv0hTYBwd80jL02RBruF/uL6ot3Pj/IAEXcYfldrz43il3IAyvV1Uzc3g==",
        "dependencies": {
          "NATS.Client.JetStream": "2.7.2"
        }
      },
      "NATS.Client.Serializers.Json": {
        "type": "Transitive",
        "resolved": "2.7.2",
        "contentHash": "aWRhN7xMfH3bVtUCUBmZGjBS7WtciLUGowJDjCg1Lw+lP9wZpBiqUFg2J50jxv7PiwJzxaEdNbZgAQ78P0PWqA==",
        "dependencies": {
          "NATS.Client.Abstractions": "2.7.2"
        }
      },
      "NATS.Client.Services": {
        "type": "Transitive",
        "resolved": "2.7.2",
        "contentHash": "RXXMfgojmi2UTNMJlyEW2gn9x7OBjITz31WyQ4Jziz+y0dNljUbSmCL3wcnIrChVhNNp/QEvpUYbhS2t1GxCEg==",
        "dependencies": {
          "NATS.Client.Core": "2.7.2"
        }
      },
      "NATS.Client.Simplified": {
        "type": "Transitive",
        "resolved": "2.7.2",
        "contentHash": "SW1PrEPBBMIrJ5ARIzL+chr5yhYySWQkDsDB9d9sJWgb2tkZ0tzYE+RFIrRoa38TgeAT6BV5zTYg26U912vl1w==",
        "dependencies": {
          "NATS.Client.Core": "2.7.2",
          "NATS.Client.Serializers.Json": "2.7.2"
        }
      },
      "Newtonsoft.Json": {
        "type": "Transitive",
        "resolved": "13.0.3",
        "contentHash": "HrC5BXdl00IP9zeV+0Z848QWPAoCr9P3bDEZguI+gkLcBKAOxix/tLEAAHC+UvDNPv4a2d18lOReHMOagPa+zQ=="
      },
      "OpenIddict": {
        "type": "Transitive",
        "resolved": "7.2.0",
        "contentHash": "mZecydAF6cXoMMr2Ergk8y08+L6YHAtg5YfrjHSs/ETfTTT56oBY0GfK7ijc4ijrv6idmClcDtf3qUlAY35dGA==",
        "dependencies": {
          "OpenIddict.Abstractions": "7.2.0",
          "OpenIddict.Client": "7.2.0",
          "OpenIddict.Client.SystemIntegration": "7.2.0",
          "OpenIddict.Client.SystemNetHttp": "7.2.0",
          "OpenIddict.Client.WebIntegration": "7.2.0",
          "OpenIddict.Core": "7.2.0",
          "OpenIddict.Server": "7.2.0",
          "OpenIddict.Validation": "7.2.0",
          "OpenIddict.Validation.ServerIntegration": "7.2.0",
          "OpenIddict.Validation.SystemNetHttp": "7.2.0"
        }
      },
      "OpenIddict.Abstractions": {
        "type": "Transitive",
        "resolved": "7.2.0",
        "contentHash": "E0HB2Eps8shrRx7n3/QkwusiCPcnzcMi2JF16GZqff9Jx2PS3t3VyiOaW54cxPDIESNH3/VcguT+VrQPQrnRtQ==",
        "dependencies": {
          "Microsoft.IdentityModel.Tokens": "8.14.0"
        }
      },
      "OpenIddict.Client": {
        "type": "Transitive",
        "resolved": "7.2.0",
        "contentHash": "tpCHS8TKABHV+k+cA3jtgxEMdnLopQ2m/wZzSyhO+RTUF91cl99zHM1qedyEzYisQRNkgeHh42d7xmmcJCrL2g==",
        "dependencies": {
          "Microsoft.IdentityModel.JsonWebTokens": "8.14.0",
          "Microsoft.IdentityModel.Protocols": "8.14.0",
          "OpenIddict.Abstractions": "7.2.0"
        }
      },
      "OpenIddict.Client.AspNetCore": {
        "type": "Transitive",
        "resolved": "7.2.0",
        "contentHash": "+FdWuk/rWL9ZXS2nteR7c5qAu2YpXLgcQi0wAPO9HJtnd8R9oVQY3PKyoguAEFOHX/9Z9owsdinOzNs9ie4T4g==",
        "dependencies": {
          "OpenIddict.Client": "7.2.0"
        }
      },
      "OpenIddict.Client.DataProtection": {
        "type": "Transitive",
        "resolved": "7.2.0",
        "contentHash": "d5YlnFsa0R23oMaJBdyVraFtw1+GBlvmAHTE7HCb+t1cRpX3q6ljAfQEGQU4uxsEat7q1P3l2j02cAVBavUiWA==",
        "dependencies": {
          "OpenIddict.Client": "7.2.0"
        }
      },
      "OpenIddict.Client.SystemIntegration": {
        "type": "Transitive",
        "resolved": "7.2.0",
        "contentHash": "ROHYcM0btCn4ti5iPVcWDQubqFghDHOhmA4PAfSZzPll9I1Y6uGioIg0x3vtcflMuuCWVBM51U7blKW5/4y01w==",
        "dependencies": {
          "OpenIddict.Client": "7.2.0"
        }
      },
      "OpenIddict.Client.SystemNetHttp": {
        "type": "Transitive",
        "resolved": "7.2.0",
        "contentHash": "83oATOHQzA2FN4mi9dMpbsyPL7c++xvNeoHPKshDtSFxhoTw5+RL+1o1RZuDHcIkqAGvdiAxEO2L/vCrbjrzlw==",
        "dependencies": {
          "Microsoft.Extensions.Http.Polly": "10.0.0",
          "Microsoft.Extensions.Http.Resilience": "10.0.0",
          "OpenIddict.Client": "7.2.0"
        }
      },
      "OpenIddict.Client.WebIntegration": {
        "type": "Transitive",
        "resolved": "7.2.0",
        "contentHash": "vWGoJJc6nIJAQD4wkQO6+uiJTJUW5H6fpUbxUikUprkXMqseKpZRKYqJs97MhEisifRCBC8dNswmyDDbpzhC9g==",
        "dependencies": {
          "OpenIddict.Client": "7.2.0",
          "OpenIddict.Client.SystemNetHttp": "7.2.0"
        }
      },
      "OpenIddict.Core": {
        "type": "Transitive",
        "resolved": "7.2.0",
        "contentHash": "6TI7+8CRT5MXjK+Qp+8kOdiaKJ724/nmbpuEYSxg1CZsbKmR7doGeP/6KZkh2l0xeonFshSRQr0D0ZeoFFb0SA==",
        "dependencies": {
          "OpenIddict.Abstractions": "7.2.0"
        }
      },
      "OpenIddict.EntityFrameworkCore.Models": {
        "type": "Transitive",
        "resolved": "7.2.0",
        "contentHash": "zZ/0T2fIHV2Yr0YjOj7VKDDUQ0NTlSNTkoSoBEph1Pb26wPolf/fsdCEbdxxXKvuBAmnwMiO5ivIe1Y8Cz8SPw=="
      },
      "OpenIddict.Server": {
        "type": "Transitive",
        "resolved": "7.2.0",
        "contentHash": "g1YVuxZbmfT7bRB6734JqSMxjBW/MJQSkjeB5RGv3LrvFAU8qVtWu3sNY0OPus5wcSziz2uBW3qqSNdcYLwWog==",
        "dependencies": {
          "Microsoft.IdentityModel.JsonWebTokens": "8.14.0",
          "OpenIddict.Abstractions": "7.2.0"
        }
      },
      "OpenIddict.Server.AspNetCore": {
        "type": "Transitive",
        "resolved": "7.2.0",
        "contentHash": "eOstjA0C09+ujFMSFQ4Z+q6Aq+v7E9W2ZCuW7o0zP5cLz6A1CerT6mWLtnmtRQlR5iMJlRdBVNbVB1v+rkCwbg==",
        "dependencies": {
          "OpenIddict.Server": "7.2.0"
        }
      },
      "OpenIddict.Server.DataProtection": {
        "type": "Transitive",
        "resolved": "7.2.0",
        "contentHash": "1VrQ+hQwgfH0Kic6vvj21V/xYFFTE7PYDZmthrX7V6NhOU5BDsjKQBeJLITiAS3GKij2yI2jH/PXIV6UMGcYfQ==",
        "dependencies": {
          "OpenIddict.Server": "7.2.0"
        }
      },
      "OpenIddict.Validation": {
        "type": "Transitive",
        "resolved": "7.2.0",
        "contentHash": "BoBRtCtVLoCXaEXRXRFCCUv4DYOmodqVOivzUEfF4CvRAQYoAeOjdJ3IDYAj3oGRzrir3FCwS/yzXgGjTqOv0w==",
        "dependencies": {
          "Microsoft.IdentityModel.JsonWebTokens": "8.14.0",
          "Microsoft.IdentityModel.Protocols": "8.14.0",
          "OpenIddict.Abstractions": "7.2.0"
        }
      },
      "OpenIddict.Validation.AspNetCore": {
        "type": "Transitive",
        "resolved": "7.2.0",
        "contentHash": "416QEbweO7nQFQDVOR1ZScOTWvaPop00Awbi8zygw2axR9Bq6towXsOOjDxNBH4rsytUBJR8MALoKWeQS4TvqQ==",
        "dependencies": {
          "OpenIddict.Validation": "7.2.0"
        }
      },
      "OpenIddict.Validation.DataProtection": {
        "type": "Transitive",
        "resolved": "7.2.0",
        "contentHash": "grBOJRBlVi7tOWnzjjDE8kn258SriR4qzZqvnM2BW9etjTBDq8WmK+KJuhiX+x4gcid2GRJpLsGXjyT6SKKxWA==",
        "dependencies": {
          "OpenIddict.Validation": "7.2.0"
        }
      },
      "OpenIddict.Validation.ServerIntegration": {
        "type": "Transitive",
        "resolved": "7.2.0",
        "contentHash": "4i60PqI6vhK3+IVYk/kJCWcs40p1Avh1qiN/feSCz/kco95HC78DmIQSZ5UsjyxycQj9y+ZaJ1pQQJz2V51V8A==",
        "dependencies": {
          "OpenIddict.Server": "7.2.0",
          "OpenIddict.Validation": "7.2.0"
        }
      },
      "OpenIddict.Validation.SystemNetHttp": {
        "type": "Transitive",
        "resolved": "7.2.0",
        "contentHash": "MEUoJt6kk4xpXeC+ZIbE4g3mSkc7utay9GUvCv9xjT+tX0ooPJGWp7GVm+j9HJtfCE3YZAAlWrxXbjwTj6J32A==",
        "dependencies": {
          "Microsoft.Extensions.Http.Polly": "10.0.0",
          "Microsoft.Extensions.Http.Resilience": "10.0.0",
          "OpenIddict.Validation": "7.2.0"
        }
      },
      "OpenTelemetry": {
        "type": "Transitive",
        "resolved": "1.15.3",
        "contentHash": "N0i6WjPoHPbZyms1ugbDIFAJFuGlpeExJMU/+XSL0lQRUkg/D0utFkDoLXf8Z1km5B+xVZ2GyMXXiX8qdeNmPg==",
        "dependencies": {
          "OpenTelemetry.Api.ProviderBuilderExtensions": "1.15.3"
        }
      },
      "OpenTelemetry.Api.ProviderBuilderExtensions": {
        "type": "Transitive",
        "resolved": "1.15.3",
        "contentHash": "SYn0lqYDwLMWhv/zlNGsQcl2yX++yTumanX46bmOZE/ZDOd1WjPBO2kZaZgKLEZTZk48pavIFGJ6vOvxXgWVFQ==",
        "dependencies": {
          "OpenTelemetry.Api": "1.15.3"
        }
      },
      "Polly": {
        "type": "Transitive",
        "resolved": "7.2.4",
        "contentHash": "bw00Ck5sh6ekduDE3mnCo1ohzuad946uslCDEENu3091+6UKnBuKLo4e+yaNcCzXxOZCXWY2gV4a35+K1d4LDA=="
      },
      "Polly.Core": {
        "type": "Transitive",
        "resolved": "8.4.2",
        "contentHash": "BpE2I6HBYYA5tF0Vn4eoQOGYTYIK1BlF5EXVgkWGn3mqUUjbXAr13J6fZVbp7Q3epRR8yshacBMlsHMhpOiV3g=="
      },
      "Polly.Extensions": {
        "type": "Transitive",
        "resolved": "8.4.2",
        "contentHash": "GZ9vRVmR0jV2JtZavt+pGUsQ1O1cuRKG7R7VOZI6ZDy9y6RNPvRvXK1tuS4ffUrv8L0FTea59oEuQzgS0R7zSA==",
        "dependencies": {
          "Polly.Core": "8.4.2"
        }
      },
      "Polly.Extensions.Http": {
        "type": "Transitive",
        "resolved": "3.0.0",
        "contentHash": "drrG+hB3pYFY7w1c3BD+lSGYvH2oIclH8GRSehgfyP5kjnFnHKQuuBhuHLv+PWyFuaTDyk/vfRpnxOzd11+J8g==",
        "dependencies": {
          "Polly": "7.1.0"
        }
      },
      "Polly.RateLimiting": {
        "type": "Transitive",
        "resolved": "8.4.2",
        "contentHash": "ehTImQ/eUyO07VYW2WvwSmU9rRH200SKJ/3jku9rOkyWE0A2JxNFmAVms8dSn49QLSjmjFRRSgfNyOgr/2PSmA==",
        "dependencies": {
          "Polly.Core": "8.4.2"
        }
      },
      "Quartz": {
        "type": "Transitive",
        "resolved": "3.18.0",
        "contentHash": "l+PY20yF32ljFkP/OROYc7Z7Wv3rhGARqxGkDMaCwOJ3aGA/94fPSBYtJpZKciLbc/89xfVlpEZbIzIPE0hHHQ=="
      },
      "Quartz.Extensions.DependencyInjection": {
        "type": "Transitive",
        "resolved": "3.18.0",
        "contentHash": "YAtrZ+pYtPPnWKKuHII1x16E6HxyT1eHWQCvAR4zkMT8xmfuz1KCRHCg3+b8z/nGXpWyR6WpSoIh7dsR4jI+iA==",
        "dependencies": {
          "Quartz": "3.18.0"
        }
      },
      "System.ClientModel": {
        "type": "Transitive",
        "resolved": "1.5.1",
        "contentHash": "k2jKSO0X45IqhVOT9iQB4xralNN9foRQsRvXBTyRpAVxyzCJlG895T9qYrQWbcJ6OQXxOouJQ37x5nZH5XKK+A==",
        "dependencies": {
          "System.Memory.Data": "8.0.1"
        }
      },
      "System.CodeDom": {
        "type": "Transitive",
        "resolved": "6.0.0",
        "contentHash": "CPc6tWO1LAer3IzfZufDBRL+UZQcj5uS207NHALQzP84Vp/z6wF0Aa0YZImOQY8iStY0A2zI/e3ihKNPfUm8XA=="
      },
      "System.Composition": {
        "type": "Transitive",
        "resolved": "9.0.0",
        "contentHash": "3Djj70fFTraOarSKmRnmRy/zm4YurICm+kiCtI0dYRqGJnLX6nJ+G3WYuFJ173cAPax/gh96REcbNiVqcrypFQ==",
        "dependencies": {
          "System.Composition.AttributedModel": "9.0.0",
          "System.Composition.Convention": "9.0.0",
          "System.Composition.Hosting": "9.0.0",
          "System.Composition.Runtime": "9.0.0",
          "System.Composition.TypedParts": "9.0.0"
        }
      },
      "System.Composition.AttributedModel": {
        "type": "Transitive",
        "resolved": "9.0.0",
        "contentHash": "iri00l/zIX9g4lHMY+Nz0qV1n40+jFYAmgsaiNn16xvt2RDwlqByNG4wgblagnDYxm3YSQQ0jLlC/7Xlk9CzyA=="
      },
      "System.Composition.Convention": {
        "type": "Transitive",
        "resolved": "9.0.0",
        "contentHash": "+vuqVP6xpi582XIjJi6OCsIxuoTZfR0M7WWufk3uGDeCl3wGW6KnpylUJ3iiXdPByPE0vR5TjJgR6hDLez4FQg==",
        "dependencies": {
          "System.Composition.AttributedModel": "9.0.0"
        }
      },
      "System.Composition.Hosting": {
        "type": "Transitive",
        "resolved": "9.0.0",
        "contentHash": "OFqSeFeJYr7kHxDfaViGM1ymk7d4JxK//VSoNF9Ux0gpqkLsauDZpu89kTHHNdCWfSljbFcvAafGyBoY094btQ==",
        "dependencies": {
          "System.Composition.Runtime": "9.0.0"
        }
      },
      "System.Composition.Runtime": {
        "type": "Transitive",
        "resolved": "9.0.0",
        "contentHash": "w1HOlQY1zsOWYussjFGZCEYF2UZXgvoYnS94NIu2CBnAGMbXFAX8PY8c92KwUItPmowal68jnVLBCzdrWLeEKA=="
      },
      "System.Composition.TypedParts": {
        "type": "Transitive",
        "resolved": "9.0.0",
        "contentHash": "aRZlojCCGEHDKqh43jaDgaVpYETsgd7Nx4g1zwLKMtv4iTo0627715ajEFNpEEBTgLmvZuv8K0EVxc3sM4NWJA==",
        "dependencies": {
          "System.Composition.AttributedModel": "9.0.0",
          "System.Composition.Hosting": "9.0.0",
          "System.Composition.Runtime": "9.0.0"
        }
      },
      "System.Configuration.ConfigurationManager": {
        "type": "Transitive",
        "resolved": "9.0.4",
        "contentHash": "dvjqKp+2LpGid6phzrdrS/2mmEPxFl3jE1+L7614q4ZChKbLJCpHXg6sBILlCCED1t//EE+un/UdAetzIMpqnw==",
        "dependencies": {
          "System.Security.Cryptography.ProtectedData": "9.0.4"
        }
      },
      "System.IdentityModel.Tokens.Jwt": {
        "type": "Transitive",
        "resolved": "8.0.1",
        "contentHash": "GJw3bYkWpOgvN3tJo5X4lYUeIFA2HD293FPUhKmp7qxS+g5ywAb34Dnd3cDAFLkcMohy5XTpoaZ4uAHuw0uSPQ==",
        "dependencies": {
          "Microsoft.IdentityModel.JsonWebTokens": "8.0.1",
          "Microsoft.IdentityModel.Tokens": "8.0.1"
        }
      },
      "System.Memory.Data": {
        "type": "Transitive",
        "resolved": "8.0.1",
        "contentHash": "BVYuec3jV23EMRDeR7Dr1/qhx7369dZzJ9IWy2xylvb4YfXsrUxspWc4UWYid/tj4zZK58uGZqn2WQiaDMhmAg=="
      },
      "System.Security.Cryptography.Pkcs": {
        "type": "Transitive",
        "resolved": "9.0.4",
        "contentHash": "cUFTcMlz/Qw9s90b2wnWSCvHdjv51Bau9FQqhsr4TlwSe1OX+7SoXUqphis5G74MLOvMOCghxPPlEqOdCrVVGA=="
      },
      "System.Security.Cryptography.ProtectedData": {
        "type": "Transitive",
        "resolved": "9.0.4",
        "contentHash": "o94k2RKuAce3GeDMlUvIXlhVa1kWpJw95E6C9LwW0KlG0nj5+SgCiIxJ2Eroqb9sLtG1mEMbFttZIBZ13EJPvQ=="
      },
      "sentium.identity.application": {
        "type": "Project",
        "dependencies": {
          "OpenIddict.AspNetCore": "[7.2.0, )",
          "Sentium.Identity.Core": "[1.0.0, )"
        }
      },
      "sentium.identity.core": {
        "type": "Project",
        "dependencies": {
          "Microsoft.AspNetCore.Identity.EntityFrameworkCore": "[10.0.2, )"
        }
      },
      "sentium.identity.infrastructure": {
        "type": "Project",
        "dependencies": {
          "Microsoft.AspNetCore.Authentication.JwtBearer": "[10.0.1, )",
          "Microsoft.AspNetCore.Identity.EntityFrameworkCore": "[10.0.2, )",
          "Microsoft.EntityFrameworkCore": "[10.0.2, )",
          "Microsoft.EntityFrameworkCore.Design": "[10.0.2, )",
          "Microsoft.EntityFrameworkCore.SqlServer": "[10.0.2, )",
          "OpenIddict.AspNetCore": "[7.2.0, )",
          "OpenIddict.EntityFrameworkCore": "[7.2.0, )",
          "OpenIddict.Quartz": "[7.2.0, )",
          "Quartz.Extensions.Hosting": "[3.18.0, )",
          "Sentium.Identity.Application": "[1.0.0, )",
          "Sentium.Identity.Core": "[1.0.0, )",
          "Sentium.Infrastructure": "[1.0.0, )",
          "Sentium.Shared": "[1.0.0, )"
        }
      },
      "sentium.infrastructure": {
        "type": "Project",
        "dependencies": {
          "NATS.Net": "[2.7.2, )"
        }
      },
      "sentium.servicedefaults": {
        "type": "Project",
        "dependencies": {
          "Microsoft.AspNetCore.Authentication.JwtBearer": "[10.0.1, )",
          "Microsoft.Extensions.Http.Resilience": "[10.2.0, )",
          "Microsoft.Extensions.ServiceDiscovery": "[10.2.0, )",
          "OpenTelemetry.Exporter.OpenTelemetryProtocol": "[1.15.3, )",
          "OpenTelemetry.Extensions.Hosting": "[1.15.3, )",
          "OpenTelemetry.Instrumentation.AspNetCore": "[1.15.2, )",
          "OpenTelemetry.Instrumentation.Http": "[1.15.1, )",
          "OpenTelemetry.Instrumentation.Runtime": "[1.15.1, )"
        }
      },
      "sentium.shared": {
        "type": "Project"
      },
      "Microsoft.AspNetCore.Authentication.JwtBearer": {
        "type": "CentralTransitive",
        "requested": "[10.0.1, )",
        "resolved": "10.0.1",
        "contentHash": "lvyUEBVv7V1/UvGxfOV3a0kyaQatPAU+ZHru7xha6WVOpa+7aJtKehbiu9VpAt/G50FR+hUwL4nTY33ijsCXwA==",
        "dependencies": {
          "Microsoft.IdentityModel.Protocols.OpenIdConnect": "8.0.1"
        }
      },
      "Microsoft.AspNetCore.Identity.EntityFrameworkCore": {
        "type": "CentralTransitive",
        "requested": "[10.0.2, )",
        "resolved": "10.0.2",
        "contentHash": "+RJnRYpfkDBzFykHfIWsyOmFcAgAUMVNtmXvEuEmhlK4q1exOS9LQN7SW6kSfzITj+ysBwEBMVx5oiOTGQmMeQ==",
        "dependencies": {
          "Microsoft.EntityFrameworkCore.Relational": "10.0.2"
        }
      },
      "Microsoft.EntityFrameworkCore": {
        "type": "CentralTransitive",
        "requested": "[10.0.2, )",
        "resolved": "10.0.2",
        "contentHash": "d3+XKbLSHPCu3vwpXECoXcFbvGKmAhEeUmc1xy2czmuPnEF7rZN2HP5ZGMwCMbAKk4B01+nS4HixSMo2Vf/Y9g==",
        "dependencies": {
          "Microsoft.EntityFrameworkCore.Abstractions": "10.0.2",
          "Microsoft.EntityFrameworkCore.Analyzers": "10.0.2"
        }
      },
      "Microsoft.EntityFrameworkCore.Design": {
        "type": "CentralTransitive",
        "requested": "[10.0.2, )",
        "resolved": "10.0.2",
        "contentHash": "tBwpyZ75SqcRjmZyhLYJVGKyfz1Z1dmsYtvJGZ2QLSI1tOHgMuLPTovunHA1JF9a0EWJs+WB6tVWmqo3DTL/MQ==",
        "dependencies": {
          "Humanizer.Core": "2.14.1",
          "Microsoft.Build.Framework": "18.0.2",
          "Microsoft.CodeAnalysis.CSharp": "5.0.0",
          "Microsoft.CodeAnalysis.CSharp.Workspaces": "5.0.0",
          "Microsoft.CodeAnalysis.Workspaces.MSBuild": "5.0.0",
          "Microsoft.EntityFrameworkCore.Relational": "10.0.2",
          "Microsoft.Extensions.DependencyModel": "10.0.2",
          "Mono.TextTemplating": "3.0.0",
          "Newtonsoft.Json": "13.0.3"
        }
      },
      "Microsoft.EntityFrameworkCore.SqlServer": {
        "type": "CentralTransitive",
        "requested": "[10.0.2, )",
        "resolved": "10.0.2",
        "contentHash": "x4ZO21dxzUeA2wvH5sdNBVVHuH+9+3DF3VV2pdENyHEZz+u0AyMi1a/NHzytPhn6IXBhqA8n6y9FAsdUWp8jyA==",
        "dependencies": {
          "Microsoft.Data.SqlClient": "6.1.1",
          "Microsoft.EntityFrameworkCore.Relational": "10.0.2"
        }
      },
      "Microsoft.Extensions.Http.Resilience": {
        "type": "CentralTransitive",
        "requested": "[10.2.0, )",
        "resolved": "10.2.0",
        "contentHash": "Lg+OjBW+ODDbM4Ax4LoERvQ1dqSZ8I2gQc2+B0/WOWl2+PunLJ3xb3x8MtHGfcb/Mp98RoMpwRKm6Aj9mzXwrA==",
        "dependencies": {
          "Microsoft.Extensions.Http.Diagnostics": "10.2.0",
          "Microsoft.Extensions.Resilience": "10.2.0"
        }
      },
      "Microsoft.Extensions.ServiceDiscovery": {
        "type": "CentralTransitive",
        "requested": "[10.2.0, )",
        "resolved": "10.2.0",
        "contentHash": "AHTPfiKodj66xA8RwRkFD4q11V2AvzcuDsujv6ViPkOPtvBEYcPVplHakK56pPzWlX08MDS+TAQXfFXAeP7J5w==",
        "dependencies": {
          "Microsoft.Extensions.ServiceDiscovery.Abstractions": "10.2.0"
        }
      },
      "Microsoft.Extensions.ServiceDiscovery.Abstractions": {
        "type": "CentralTransitive",
        "requested": "[10.2.0, )",
        "resolved": "10.2.0",
        "contentHash": "sANlOvfqfw/yfych4CLlHSKSWzIie6mQG7w83gVur1foNOafyHxcgpoQMvBf+KiB4Tpls6P1/Z77IIQSK8hxFg=="
      },
      "NATS.Net": {
        "type": "CentralTransitive",
        "requested": "[2.7.2, )",
        "resolved": "2.7.2",
        "contentHash": "6B8RlcstYwgoKm9IXcZEDADpH93Hn6+LcvR8hvmFa8jzwshNlIArv8tL5jelJD+fQmnlymKoQYcZ5cL7J1bITw==",
        "dependencies": {
          "NATS.Client.Core": "2.7.2",
          "NATS.Client.Hosting": "2.7.2",
          "NATS.Client.JetStream": "2.7.2",
          "NATS.Client.KeyValueStore": "2.7.2",
          "NATS.Client.ObjectStore": "2.7.2",
          "NATS.Client.Serializers.Json": "2.7.2",
          "NATS.Client.Services": "2.7.2",
          "NATS.Client.Simplified": "2.7.2"
        }
      },
      "OpenIddict.EntityFrameworkCore": {
        "type": "CentralTransitive",
        "requested": "[7.2.0, )",
        "resolved": "7.2.0",
        "contentHash": "dvahXEFDIYRPH3xy5ZqHklyLQNca4NG6YRPx8f1FWHs+mGCJ1FtM8gqJw3KzUkiRTtKUYzlM8NEcD3BqslEP7g==",
        "dependencies": {
          "Microsoft.EntityFrameworkCore.Relational": "10.0.0",
          "OpenIddict.Core": "7.2.0",
          "OpenIddict.EntityFrameworkCore.Models": "7.2.0"
        }
      },
      "OpenIddict.Quartz": {
        "type": "CentralTransitive",
        "requested": "[7.2.0, )",
        "resolved": "7.2.0",
        "contentHash": "YH3ptVqtIyF+z0kInaLq+i88ZuPD9JEL33mT8gMcCxPMYCOmeWkBU9JLisxwzwKJwJTZ7ZSfz0F4n70k3gbXcQ==",
        "dependencies": {
          "OpenIddict.Core": "7.2.0",
          "Quartz.Extensions.DependencyInjection": "3.15.1"
        }
      },
      "OpenTelemetry.Api": {
        "type": "CentralTransitive",
        "requested": "[1.15.3, )",
        "resolved": "1.15.3",
        "contentHash": "fX+fkCysfPut+qCcT3bKqyX4QN9Saf4CgX8HLOHywEVD+Xr7sULtfuypITpoDysjx8R59dn/3mWhgimMH8cm/g=="
      },
      "OpenTelemetry.Exporter.OpenTelemetryProtocol": {
        "type": "CentralTransitive",
        "requested": "[1.15.3, )",
        "resolved": "1.15.3",
        "contentHash": "FEXJepcseTGbATiCkUfP7ipoFEYYfl/0UmmUwi0KxCPg9PaUA8ab2P1LGopK+/HExasJ1ZutFhZrN6WvUIR23g==",
        "dependencies": {
          "OpenTelemetry": "1.15.3"
        }
      },
      "OpenTelemetry.Extensions.Hosting": {
        "type": "CentralTransitive",
        "requested": "[1.15.3, )",
        "resolved": "1.15.3",
        "contentHash": "u8n/W8yIlqv0BXZmvId1iVaeWXG42tGKdTkuLYg5g57Y/r9CeUNzqtrSHNdG5IoO8iPX79w3v+WsbAHgUQbfeg==",
        "dependencies": {
          "OpenTelemetry": "1.15.3"
        }
      },
      "OpenTelemetry.Instrumentation.AspNetCore": {
        "type": "CentralTransitive",
        "requested": "[1.15.2, )",
        "resolved": "1.15.2",
        "contentHash": "2nPd7r0ug/gd6/CNFL6Rlu+RSQ9WYGSGHAYQ1ssbSqyzKJpqTunfx2I/1O0WB5k+L0cyXbG4XVZpoSoUc3M7wg==",
        "dependencies": {
          "OpenTelemetry.Api.ProviderBuilderExtensions": "[1.15.3, 2.0.0)"
        }
      },
      "OpenTelemetry.Instrumentation.Http": {
        "type": "CentralTransitive",
        "requested": "[1.15.1, )",
        "resolved": "1.15.1",
        "contentHash": "vFO4Fj/dXkoVNGo/nhoGpO2zYQmZwr4jTID7oRGo+XlQ8LqksyZjUXQ4p39RfUvTID7IzzL8Qe71tW7CcAFymA==",
        "dependencies": {
          "OpenTelemetry.Api.ProviderBuilderExtensions": "[1.15.3, 2.0.0)"
        }
      },
      "OpenTelemetry.Instrumentation.Runtime": {
        "type": "CentralTransitive",
        "requested": "[1.15.1, )",
        "resolved": "1.15.1",
        "contentHash": "cpPwlUT5HXcLGPaIgsbSy0W9eFYAPGVbTP1p8/uyQ4Osvf5BJuPpEXE7crL09SmEd44r0DGNKDtsqxaAz0HxQw==",
        "dependencies": {
          "OpenTelemetry.Api": "[1.15.3, 2.0.0)"
        }
      },
      "Quartz.Extensions.Hosting": {
        "type": "CentralTransitive",
        "requested": "[3.18.0, )",
        "resolved": "3.18.0",
        "contentHash": "DOIgnLibu9sEYqHAKRQYz+0oWZ5q2LP55oNUtosOygEiIxCvTtHAwkZdf6Ea0VCucZ1oO9SeWLoA4q4WFbZspw==",
        "dependencies": {
          "Quartz.Extensions.DependencyInjection": "3.18.0"
        }
      }
    },
    "net10.0/linux-x64": {
      "Microsoft.Data.SqlClient": {
        "type": "Transitive",
        "resolved": "6.1.1",
        "contentHash": "syGQmIUPAYYHAHyTD8FCkTNThpQWvoA7crnIQRMfp8dyB5A2cWU3fQexlRTFkVmV7S0TjVmthi0LJEFVjHo8AQ==",
        "dependencies": {
          "Azure.Core": "1.47.1",
          "Azure.Identity": "1.14.2",
          "Microsoft.Bcl.Cryptography": "9.0.4",
          "Microsoft.Data.SqlClient.SNI.runtime": "6.0.2",
          "Microsoft.IdentityModel.JsonWebTokens": "7.7.1",
          "Microsoft.IdentityModel.Protocols.OpenIdConnect": "7.7.1",
          "Microsoft.SqlServer.Server": "1.0.0",
          "System.Configuration.ConfigurationManager": "9.0.4",
          "System.Security.Cryptography.Pkcs": "9.0.4"
        }
      },
      "Microsoft.Data.SqlClient.SNI.runtime": {
        "type": "Transitive",
        "resolved": "6.0.2",
        "contentHash": "f+pRODTWX7Y67jXO3T5S2dIPZ9qMJNySjlZT/TKmWVNWe19N8jcWmHaqHnnchaq3gxEKv1SWVY5EFzOD06l41w=="
      },
      "System.Security.Cryptography.Pkcs": {
        "type": "Transitive",
        "resolved": "9.0.4",
        "contentHash": "cUFTcMlz/Qw9s90b2wnWSCvHdjv51Bau9FQqhsr4TlwSe1OX+7SoXUqphis5G74MLOvMOCghxPPlEqOdCrVVGA=="
      }
    },
    "net10.0/osx-x64": {
      "Microsoft.Data.SqlClient": {
        "type": "Transitive",
        "resolved": "6.1.1",
        "contentHash": "syGQmIUPAYYHAHyTD8FCkTNThpQWvoA7crnIQRMfp8dyB5A2cWU3fQexlRTFkVmV7S0TjVmthi0LJEFVjHo8AQ==",
        "dependencies": {
          "Azure.Core": "1.47.1",
          "Azure.Identity": "1.14.2",
          "Microsoft.Bcl.Cryptography": "9.0.4",
          "Microsoft.Data.SqlClient.SNI.runtime": "6.0.2",
          "Microsoft.IdentityModel.JsonWebTokens": "7.7.1",
          "Microsoft.IdentityModel.Protocols.OpenIdConnect": "7.7.1",
          "Microsoft.SqlServer.Server": "1.0.0",
          "System.Configuration.ConfigurationManager": "9.0.4",
          "System.Security.Cryptography.Pkcs": "9.0.4"
        }
      },
      "Microsoft.Data.SqlClient.SNI.runtime": {
        "type": "Transitive",
        "resolved": "6.0.2",
        "contentHash": "f+pRODTWX7Y67jXO3T5S2dIPZ9qMJNySjlZT/TKmWVNWe19N8jcWmHaqHnnchaq3gxEKv1SWVY5EFzOD06l41w=="
      },
      "System.Security.Cryptography.Pkcs": {
        "type": "Transitive",
        "resolved": "9.0.4",
        "contentHash": "cUFTcMlz/Qw9s90b2wnWSCvHdjv51Bau9FQqhsr4TlwSe1OX+7SoXUqphis5G74MLOvMOCghxPPlEqOdCrVVGA=="
      }
    },
    "net10.0/win-x64": {
      "Microsoft.Data.SqlClient": {
        "type": "Transitive",
        "resolved": "6.1.1",
        "contentHash": "syGQmIUPAYYHAHyTD8FCkTNThpQWvoA7crnIQRMfp8dyB5A2cWU3fQexlRTFkVmV7S0TjVmthi0LJEFVjHo8AQ==",
        "dependencies": {
          "Azure.Core": "1.47.1",
          "Azure.Identity": "1.14.2",
          "Microsoft.Bcl.Cryptography": "9.0.4",
          "Microsoft.Data.SqlClient.SNI.runtime": "6.0.2",
          "Microsoft.IdentityModel.JsonWebTokens": "7.7.1",
          "Microsoft.IdentityModel.Protocols.OpenIdConnect": "7.7.1",
          "Microsoft.SqlServer.Server": "1.0.0",
          "System.Configuration.ConfigurationManager": "9.0.4",
          "System.Security.Cryptography.Pkcs": "9.0.4"
        }
      },
      "Microsoft.Data.SqlClient.SNI.runtime": {
        "type": "Transitive",
        "resolved": "6.0.2",
        "contentHash": "f+pRODTWX7Y67jXO3T5S2dIPZ9qMJNySjlZT/TKmWVNWe19N8jcWmHaqHnnchaq3gxEKv1SWVY5EFzOD06l41w=="
      },
      "System.Security.Cryptography.Pkcs": {
        "type": "Transitive",
        "resolved": "9.0.4",
        "contentHash": "cUFTcMlz/Qw9s90b2wnWSCvHdjv51Bau9FQqhsr4TlwSe1OX+7SoXUqphis5G74MLOvMOCghxPPlEqOdCrVVGA=="
      }
    }
  }
}