{
  "version": 2,
  "dependencies": {
    "net10.0": {
      "NATS.Net": {
        "type": "Direct",
        "requested": "[2.7.2, )",
        "resolved": "2.7.2",
        "contentHash": "6B8RlcstYwgoKm9IXcZEDADpH93Hn6+LcvR8hvmFa8jzwshNlIArv8tL5jelJD+fQmnlymKoQYcZ5cL7J1bITw==",
        "dependencies": {
          "NATS.Client.Core": "2.7.2",
          "NATS.Client.Hosting": "2.7.2",
          "NATS.Client.JetStream": "2.7.2",
          "NATS.Client.KeyValueStore": "2.7.2",
          "NATS.Client.ObjectStore": "2.7.2",
          "NATS.Client.Serializers.Json": "2.7.2",
          "NATS.Client.Services": "2.7.2",
          "NATS.Client.Simplified": "2.7.2"
        }
      },
      "Microsoft.Extensions.Configuration.Abstractions": {
        "type": "Transitive",
        "resolved": "8.0.0",
        "contentHash": "3lE/iLSutpgX1CC0NOW70FJoGARRHbyKmG7dc0klnUZ9Dd9hS6N/POPWhKhMLCEuNN5nXEY5agmlFtH562vqhQ==",
        "dependencies": {
          "Microsoft.Extensions.Primitives": "8.0.0"
        }
      },
      "Microsoft.Extensions.Diagnostics.Abstractions": {
        "type": "Transitive",
        "resolved": "8.0.0",
        "contentHash": "JHYCQG7HmugNYUhOl368g+NMxYE/N/AiclCYRNlgCY9eVyiBkOHMwK4x60RYMxv9EL3+rmj1mqHvdCiPpC+D4Q==",
        "dependencies": {
          "Microsoft.Extensions.DependencyInjection.Abstractions": "8.0.0",
          "Microsoft.Extensions.Options": "8.0.0"
        }
      },
      "Microsoft.Extensions.FileProviders.Abstractions": {
        "type": "Transitive",
        "resolved": "8.0.0",
        "contentHash": "ZbaMlhJlpisjuWbvXr4LdAst/1XxH3vZ6A0BsgTphZ2L4PGuxRLz7Jr/S7mkAAnOn78Vu0fKhEgNF5JO3zfjqQ==",
        "dependencies": {
          "Microsoft.Extensions.Primitives": "8.0.0"
        }
      },
      "Microsoft.Extensions.Hosting.Abstractions": {
        "type": "Transitive",
        "resolved": "8.0.0",
        "contentHash": "AG7HWwVRdCHlaA++1oKDxLsXIBxmDpMPb3VoyOoAghEWnkUvEAdYQUwnV4jJbAaa/nMYNiEh5ByoLauZBEiovg==",
        "dependencies": {
          "Microsoft.Extensions.Configuration.Abstractions": "8.0.0",
          "Microsoft.Extensions.DependencyInjection.Abstractions": "8.0.0",
          "Microsoft.Extensions.Diagnostics.Abstractions": "8.0.0",
          "Microsoft.Extensions.FileProviders.Abstractions": "8.0.0",
          "Microsoft.Extensions.Logging.Abstractions": "8.0.0"
        }
      },
      "Microsoft.Extensions.Logging.Abstractions": {
        "type": "Transitive",
        "resolved": "8.0.0",
        "contentHash": "arDBqTgFCyS0EvRV7O3MZturChstm50OJ0y9bDJvAcmEPJm0FFpFyjU/JLYyStNGGey081DvnQYlncNX5SJJGA==",
        "dependencies": {
          "Microsoft.Extensions.DependencyInjection.Abstractions": "8.0.0"
        }
      },
      "Microsoft.Extensions.Options": {
        "type": "Transitive",
        "resolved": "8.0.0",
        "contentHash": "JOVOfqpnqlVLUzINQ2fox8evY2SKLYJ3BV8QDe/Jyp21u1T7r45x/R/5QdteURMR5r01GxeJSBBUOCOyaNXA3g==",
        "dependencies": {
          "Microsoft.Extensions.DependencyInjection.Abstractions": "8.0.0",
          "Microsoft.Extensions.Primitives": "8.0.0"
        }
      },
      "Microsoft.Extensions.Primitives": {
        "type": "Transitive",
        "resolved": "8.0.0",
        "contentHash": "bXJEZrW9ny8vjMF1JV253WeLhpEVzFo1lyaZu1vQ4ZxWUlVvknZ/+ftFgVheLubb4eZPSwwxBeqS1JkCOjxd8g=="
      },
      "NATS.Client.Abstractions": {
        "type": "Transitive",
        "resolved": "2.7.2",
        "contentHash": "rmTLKjqNCgmloOFRYkg9NRrYXFKpjqlxbbCQrCEYckiRtU8I38Vf9B3sT7wiG34lmc//l0hLQLQRv9emcDjRvA=="
      },
      "NATS.Client.Core": {
        "type": "Transitive",
        "resolved": "2.7.2",
        "contentHash": "la0KCjuoMkOQkhf+uzIc+79GYxx2q6LBoFOT+q91LhpziPJbRgtKRBpvCkAmd+1GuYdB+IZmUAgXVp2Z+Fk7kQ==",
        "dependencies": {
          "Microsoft.Extensions.Logging.Abstractions": "6.0.1",
          "Microsoft.Extensions.Primitives": "6.0.0",
          "NATS.Client.Abstractions": "2.7.2"
        }
      },
      "NATS.Client.Hosting": {
        "type": "Transitive",
        "resolved": "2.7.2",
        "contentHash": "cH5JY3x57knW6kIrmVRe0e1FsJZOa2rMxeEzpGsomuMyELjCZAjU2swV4VlT9ZCk4tiHrafXn14icX8UoQyDmQ==",
        "dependencies": {
          "Microsoft.Extensions.Hosting.Abstractions": "8.0.0",
          "NATS.Client.Core": "2.7.2"
        }
      },
      "NATS.Client.JetStream": {
        "type": "Transitive",
        "resolved": "2.7.2",
        "contentHash": "1naI0Z42QYke5qFWkuYnJ59V5jX0471/Wa06jbqQtoCmPUMbDZwL/zGPvWyMk+Cz02VuYJlhSMwE+Gw8nQJFVQ==",
        "dependencies": {
          "NATS.Client.Core": "2.7.2"
        }
      },
      "NATS.Client.KeyValueStore": {
        "type": "Transitive",
        "resolved": "2.7.2",
        "contentHash": "ZZpkiu+C02alZGJMslEmOlo3yZxil2siu5etEMUbHrAo4uZmeUVhRqu8+eoKpc5q5Bb23yqgHnFhDwb7DmoeoA==",
        "dependencies": {
          "NATS.Client.JetStream": "2.7.2"
        }
      },
      "NATS.Client.ObjectStore": {
        "type": "Transitive",
        "resolved": "2.7.2",
        "contentHash": "nOyKFnnYB6ZP4dU9z+rZcSdw9yr9vWv0hTYBwd80jL02RBruF/uL6ot3Pj/IAEXcYfldrz43il3IAyvV1Uzc3g==",
        "dependencies": {
          "NATS.Client.JetStream": "2.7.2"
        }
      },
      "NATS.Client.Serializers.Json": {
        "type": "Transitive",
        "resolved": "2.7.2",
        "contentHash": "aWRhN7xMfH3bVtUCUBmZGjBS7WtciLUGowJDjCg1Lw+lP9wZpBiqUFg2J50jxv7PiwJzxaEdNbZgAQ78P0PWqA==",
        "dependencies": {
          "NATS.Client.Abstractions": "2.7.2"
        }
      },
      "NATS.Client.Services": {
        "type": "Transitive",
        "resolved": "2.7.2",
        "contentHash": "RXXMfgojmi2UTNMJlyEW2gn9x7OBjITz31WyQ4Jziz+y0dNljUbSmCL3wcnIrChVhNNp/QEvpUYbhS2t1GxCEg==",
        "dependencies": {
          "NATS.Client.Core": "2.7.2"
        }
      },
      "NATS.Client.Simplified": {
        "type": "Transitive",
        "resolved": "2.7.2",
        "contentHash": "SW1PrEPBBMIrJ5ARIzL+chr5yhYySWQkDsDB9d9sJWgb2tkZ0tzYE+RFIrRoa38TgeAT6BV5zTYg26U912vl1w==",
        "dependencies": {
          "NATS.Client.Core": "2.7.2",
          "NATS.Client.Serializers.Json": "2.7.2"
        }
      },
      "Microsoft.Extensions.DependencyInjection.Abstractions": {
        "type": "CentralTransitive",
        "requested": "[10.0.5, )",
        "resolved": "10.0.5",
        "contentHash": "iVMtq9eRvzyhx8949EGT0OCYJfXi737SbRVzWXE5GrOgGj5AaZ9eUuxA/BSUfmOMALKn/g8KfFaNQw0eiB3lyA=="
      }
    },
    "net10.0/linux-x64": {},
    "net10.0/osx-x64": {},
    "net10.0/win-x64": {}
  }
}