{
  "version": 2,
  "dependencies": {
    "net10.0": {
      "OpenIddict.AspNetCore": {
        "type": "Direct",
        "requested": "[7.2.0, )",
        "resolved": "7.2.0",
        "contentHash": "BY8MOSxdz1k5y2XfzEqeHRIE2jXvrrP0XINAEZJMRnvqbt3vQALO+8a6dkJQv/7TWYrhQVKc5GiLoVFi82q/yw==",
        "dependencies": {
          "OpenIddict": "7.2.0",
          "OpenIddict.Client.AspNetCore": "7.2.0",
          "OpenIddict.Client.DataProtection": "7.2.0",
          "OpenIddict.Server.AspNetCore": "7.2.0",
          "OpenIddict.Server.DataProtection": "7.2.0",
          "OpenIddict.Validation.AspNetCore": "7.2.0",
          "OpenIddict.Validation.DataProtection": "7.2.0"
        }
      },
      "Microsoft.AspNetCore.Cryptography.Internal": {
        "type": "Transitive",
        "resolved": "10.0.2",
        "contentHash": "7ZsZ+hJgjfAcd4fm11B7b8luweBA3SAP7CCFAWb/9He3F+7Wg/cc6swp4ZBZSJkWM3Ddn8sIZeobU9CSD2a3eg=="
      },
      "Microsoft.AspNetCore.Cryptography.KeyDerivation": {
        "type": "Transitive",
        "resolved": "10.0.2",
        "contentHash": "iJ9VWYJ7pK/qReA2OZCQguqLaLaqxCBGLlH5Dlx/fNNLFvIbBOYAWCs2RDs1kO+aHCI3kS5ZIt1c5VojWi4PDQ==",
        "dependencies": {
          "Microsoft.AspNetCore.Cryptography.Internal": "10.0.2"
        }
      },
      "Microsoft.EntityFrameworkCore.Abstractions": {
        "type": "Transitive",
        "resolved": "10.0.2",
        "contentHash": "BzAwIU5mYeOmnKbEXrkwx7feW2V+zUTrK/kRonSib94tjvc0/iRj2a4N6YGXRhTNjaFP3tvCMIDaX1vIFF6dkg=="
      },
      "Microsoft.EntityFrameworkCore.Analyzers": {
        "type": "Transitive",
        "resolved": "10.0.2",
        "contentHash": "5C8aKN2HFhXfLhkrVvQ6yH990nw35pS7HNnwdBc628zIREaKJ4/rkdCXzxOdZo/SnCT3Kg7a/CqnhlzuJhlD4Q=="
      },
      "Microsoft.EntityFrameworkCore.Relational": {
        "type": "Transitive",
        "resolved": "10.0.2",
        "contentHash": "1fUeyNmqDNfMogJ2ut7OKO57/WGjjkHMYeX51SpA3PwP7ftbx8g/Z3fbErD+1q14DILrqJfsszYsYhGssBRfDg==",
        "dependencies": {
          "Microsoft.EntityFrameworkCore": "10.0.2",
          "Microsoft.Extensions.Caching.Memory": "10.0.2",
          "Microsoft.Extensions.Configuration.Abstractions": "10.0.2",
          "Microsoft.Extensions.Logging": "10.0.2"
        }
      },
      "Microsoft.Extensions.AmbientMetadata.Application": {
        "type": "Transitive",
        "resolved": "10.2.0",
        "contentHash": "CNrEjaOCZ8d1HtB0mvpiX4EWxLkee2xy+CsYXxmsEYJSFgw3OmF9pIhP/tCTeYBHhpsKJj5wM63G8IBFGxAcsw==",
        "dependencies": {
          "Microsoft.Extensions.Configuration": "10.0.2",
          "Microsoft.Extensions.Hosting.Abstractions": "10.0.2",
          "Microsoft.Extensions.Options.ConfigurationExtensions": "10.0.2"
        }
      },
      "Microsoft.Extensions.Caching.Abstractions": {
        "type": "Transitive",
        "resolved": "10.0.2",
        "contentHash": "WIRPDa/qoKHmJhTAPCO/zLu9kRLQ2Fd6HD5tzgdXJ3xGEVXDHP6FvakKJjynwKrVDld8H4G4tcbW53wuC/wxMQ==",
        "dependencies": {
          "Microsoft.Extensions.Primitives": "10.0.2"
        }
      },
      "Microsoft.Extensions.Caching.Memory": {
        "type": "Transitive",
        "resolved": "10.0.2",
        "contentHash": "MkdPYdtsu0Ta4m9Di4XnWVdO9u+wi1LtvisoR1EteIxsXWO/+3iyAPH6RZbw2lBlWZu9lastbl2YsHVIaL9j+g==",
        "dependencies": {
          "Microsoft.Extensions.Caching.Abstractions": "10.0.2",
          "Microsoft.Extensions.DependencyInjection.Abstractions": "10.0.2",
          "Microsoft.Extensions.Logging.Abstractions": "10.0.2",
          "Microsoft.Extensions.Options": "10.0.2",
          "Microsoft.Extensions.Primitives": "10.0.2"
        }
      },
      "Microsoft.Extensions.Compliance.Abstractions": {
        "type": "Transitive",
        "resolved": "10.2.0",
        "contentHash": "1a4xDAT6fRyP8t419q3WvWMmMslDTvI7OAZLWBhn5rysFG0bl5xFenTswd1xAbT/3u3mx4Xyb5bPx+V+18tJeQ==",
        "dependencies": {
          "Microsoft.Extensions.DependencyInjection.Abstractions": "10.0.2",
          "Microsoft.Extensions.ObjectPool": "10.0.2"
        }
      },
      "Microsoft.Extensions.Configuration": {
        "type": "Transitive",
        "resolved": "10.0.2",
        "contentHash": "Lws+o4DFw6p5NquRoYA3d5QVvi49ugNw7TxbW4QGLsL8F1LCCyJqWFy0+RMQ/hzUuS9aKV5NJ/XGAF5N9/RQcQ==",
        "dependencies": {
          "Microsoft.Extensions.Configuration.Abstractions": "10.0.2",
          "Microsoft.Extensions.Primitives": "10.0.2"
        }
      },
      "Microsoft.Extensions.Configuration.Abstractions": {
        "type": "Transitive",
        "resolved": "10.0.2",
        "contentHash": "KC5PslaTDnTuTvyke0KYAVBYdZ7IVTsU3JhHe69BpEbHLcj1YThP3bIGtZNOkZfast2AuLnul5lk4rZKxAdUGQ==",
        "dependencies": {
          "Microsoft.Extensions.Primitives": "10.0.2"
        }
      },
      "Microsoft.Extensions.Configuration.Binder": {
        "type": "Transitive",
        "resolved": "10.0.2",
        "contentHash": "/SdW50prUuenglSy7MXU3eVQkOk4/J4fjc+GIhv4NkTmaZOQyTqpVAYi8nRjNtOKHzCy7g5cSlOSgkbT7clLwQ==",
        "dependencies": {
          "Microsoft.Extensions.Configuration": "10.0.2",
          "Microsoft.Extensions.Configuration.Abstractions": "10.0.2"
        }
      },
      "Microsoft.Extensions.DependencyInjection": {
        "type": "Transitive",
        "resolved": "10.0.2",
        "contentHash": "J/Zmp6fY93JbaiZ11ckWvcyxMPjD6XVwIHQXBjryTBgn7O6O20HYg9uVLFcZlNfgH78MnreE/7EH+hjfzn7VyA==",
        "dependencies": {
          "Microsoft.Extensions.DependencyInjection.Abstractions": "10.0.2"
        }
      },
      "Microsoft.Extensions.DependencyInjection.AutoActivation": {
        "type": "Transitive",
        "resolved": "10.2.0",
        "contentHash": "Z/OI261l7LnxyODKPx0trQyIHFyicCR/akfn64lGOjPcf4FpAZ7ePAGl2HPvQBUBSNfPTF0gWeCfuFmyftMgYA==",
        "dependencies": {
          "Microsoft.Extensions.Hosting.Abstractions": "10.0.2"
        }
      },
      "Microsoft.Extensions.Diagnostics": {
        "type": "Transitive",
        "resolved": "10.0.2",
        "contentHash": "+2lv/hi6VGnaJt4877BFkkySiMiHrKCeX7K5ElIshIKpF65o63zeXMnUR4U6EQ/eM75Hx7T8s3RcqnjdcnVB1A==",
        "dependencies": {
          "Microsoft.Extensions.Configuration": "10.0.2",
          "Microsoft.Extensions.Diagnostics.Abstractions": "10.0.2",
          "Microsoft.Extensions.Options.ConfigurationExtensions": "10.0.2"
        }
      },
      "Microsoft.Extensions.Diagnostics.Abstractions": {
        "type": "Transitive",
        "resolved": "10.0.2",
        "contentHash": "GaiaeKUuLuUbRPkUokndDuzonhO6dk4lcfGflHsCeXiJ5JrZxcyks1KuG6eB9pON16x/+9uWfa4w9g3oP8AYvQ==",
        "dependencies": {
          "Microsoft.Extensions.DependencyInjection.Abstractions": "10.0.2",
          "Microsoft.Extensions.Options": "10.0.2"
        }
      },
      "Microsoft.Extensions.Diagnostics.ExceptionSummarization": {
        "type": "Transitive",
        "resolved": "10.2.0",
        "contentHash": "3qMK1D40D10kb5TdBtFJpzz6/WH0NinWs68ZZS8jCFgHMXDiOjGiPOneMmIocCP/wnUUW4Hzf8lMsIE1xIGxDA==",
        "dependencies": {
          "Microsoft.Extensions.DependencyInjection.Abstractions": "10.0.2"
        }
      },
      "Microsoft.Extensions.FileProviders.Abstractions": {
        "type": "Transitive",
        "resolved": "10.0.2",
        "contentHash": "+r/eJ+slW/EmwWmH3En4gzRg1k6+yTqexoHBrMuz5fxsIKJA8MDiSGepjw/ko3XyNqg+w3dxQe+huoVXs5XDJw==",
        "dependencies": {
          "Microsoft.Extensions.Primitives": "10.0.2"
        }
      },
      "Microsoft.Extensions.Hosting.Abstractions": {
        "type": "Transitive",
        "resolved": "10.0.2",
        "contentHash": "CeAAPVOtI/wtBcHOwq6Pw3VPdGi+pNaGHZj6vfXX/5zr8beO9SyL7IOCSQ70BauFTAFS0QF7f6zu2A6hC8D6nw==",
        "dependencies": {
          "Microsoft.Extensions.Configuration.Abstractions": "10.0.2",
          "Microsoft.Extensions.DependencyInjection.Abstractions": "10.0.2",
          "Microsoft.Extensions.Diagnostics.Abstractions": "10.0.2",
          "Microsoft.Extensions.FileProviders.Abstractions": "10.0.2",
          "Microsoft.Extensions.Logging.Abstractions": "10.0.2"
        }
      },
      "Microsoft.Extensions.Http": {
        "type": "Transitive",
        "resolved": "10.0.2",
        "contentHash": "egUPC0xydb1ugCMcRyJ6zaOGOzx7N4coOVlGeLcIsXhUf1xHHwZeX+ob7JuG0dXExFduHYE/t+4/4y8BLlBKmw==",
        "dependencies": {
          "Microsoft.Extensions.Configuration.Abstractions": "10.0.2",
          "Microsoft.Extensions.DependencyInjection.Abstractions": "10.0.2",
          "Microsoft.Extensions.Diagnostics": "10.0.2",
          "Microsoft.Extensions.Logging": "10.0.2",
          "Microsoft.Extensions.Logging.Abstractions": "10.0.2",
          "Microsoft.Extensions.Options": "10.0.2"
        }
      },
      "Microsoft.Extensions.Http.Diagnostics": {
        "type": "Transitive",
        "resolved": "10.2.0",
        "contentHash": "I0FBgF6yZRwYH9E3KQ2vHm80YZ7YBj+52GDsmOWXPBv/p15b/wUoNupV9kw3LnSNVsWMqlGbiuZgBnHpMwPh+Q==",
        "dependencies": {
          "Microsoft.Extensions.Http": "10.0.2",
          "Microsoft.Extensions.Telemetry": "10.2.0"
        }
      },
      "Microsoft.Extensions.Http.Polly": {
        "type": "Transitive",
        "resolved": "10.0.0",
        "contentHash": "Jzb6e7kQc/iKDlMt8q8p9Q0rkUi75L/ZFHHTGM4mM6dJBn64YRUgW9k2/Zx7VnsIuu61r5Fhoa6075GTFYo5kg==",
        "dependencies": {
          "Microsoft.Extensions.Http": "10.0.0",
          "Polly": "7.2.4",
          "Polly.Extensions.Http": "3.0.0"
        }
      },
      "Microsoft.Extensions.Identity.Core": {
        "type": "Transitive",
        "resolved": "10.0.2",
        "contentHash": "ggq90fSPP/+OumEZosZiPZ7cCrog8X2MrGZ5oqM/5Ch0Df4qyYYIukrreqqYseNp/HV4artU8Uzrjb30mYvWhw==",
        "dependencies": {
          "Microsoft.AspNetCore.Cryptography.KeyDerivation": "10.0.2",
          "Microsoft.Extensions.Diagnostics": "10.0.2",
          "Microsoft.Extensions.Logging": "10.0.2",
          "Microsoft.Extensions.Options": "10.0.2"
        }
      },
      "Microsoft.Extensions.Identity.Stores": {
        "type": "Transitive",
        "resolved": "10.0.2",
        "contentHash": "oG2mLpDoh+U604uV1UxEfX3mWLH2tFbsCvTbZnY6FpyEG8GHDAXIoW7xq9nYZtvN33WwSVnTRmEcxBg9HoE/KA==",
        "dependencies": {
          "Microsoft.Extensions.Caching.Abstractions": "10.0.2",
          "Microsoft.Extensions.Identity.Core": "10.0.2",
          "Microsoft.Extensions.Logging": "10.0.2"
        }
      },
      "Microsoft.Extensions.Logging": {
        "type": "Transitive",
        "resolved": "10.0.2",
        "contentHash": "a0EWuBs6D3d7XMGroDXm+WsAi5CVVfjOJvyxurzWnuhBN9CO+1qHKcrKV1JK7H/T4ZtHIoVCOX/YyWM8K87qtw==",
        "dependencies": {
          "Microsoft.Extensions.DependencyInjection": "10.0.2",
          "Microsoft.Extensions.Logging.Abstractions": "10.0.2",
          "Microsoft.Extensions.Options": "10.0.2"
        }
      },
      "Microsoft.Extensions.Logging.Abstractions": {
        "type": "Transitive",
        "resolved": "10.0.2",
        "contentHash": "RZkez/JjpnO+MZ6efKkSynN6ZztLpw3WbxNzjLCPBd97wWj1S9ZYPWi0nmT4kWBRa6atHsdM1ydGkUr8GudyDQ==",
        "dependencies": {
          "Microsoft.Extensions.DependencyInjection.Abstractions": "10.0.2"
        }
      },
      "Microsoft.Extensions.Logging.Configuration": {
        "type": "Transitive",
        "resolved": "10.0.2",
        "contentHash": "XVtNJfLZVTDmQS5RCUjIr7QEAgGhJ3yQ0L3PduN7rE4aijmqYl0pIF09ZSU8jgnxml91Mw59ze220g8S7anaOg==",
        "dependencies": {
          "Microsoft.Extensions.Configuration": "10.0.2",
          "Microsoft.Extensions.Configuration.Abstractions": "10.0.2",
          "Microsoft.Extensions.Configuration.Binder": "10.0.2",
          "Microsoft.Extensions.DependencyInjection.Abstractions": "10.0.2",
          "Microsoft.Extensions.Logging": "10.0.2",
          "Microsoft.Extensions.Logging.Abstractions": "10.0.2",
          "Microsoft.Extensions.Options": "10.0.2",
          "Microsoft.Extensions.Options.ConfigurationExtensions": "10.0.2"
        }
      },
      "Microsoft.Extensions.ObjectPool": {
        "type": "Transitive",
        "resolved": "10.0.2",
        "contentHash": "kpCp4m7nwJVBcRKWXYHdVK/W0dkKyyFOjCmKVdO+zKThWvUxP1V+jVEP9FGpqRu4GPl9041SEXu2f+U/l825nQ=="
      },
      "Microsoft.Extensions.Options": {
        "type": "Transitive",
        "resolved": "10.0.2",
        "contentHash": "1De2LJjmxdqopI5AYC5dIhoZQ79AR5ayywxNF1rXrXFtKQfbQOV9+n/IsZBa7qWlr0MqoGpW8+OY2v/57udZOA==",
        "dependencies": {
          "Microsoft.Extensions.DependencyInjection.Abstractions": "10.0.2",
          "Microsoft.Extensions.Primitives": "10.0.2"
        }
      },
      "Microsoft.Extensions.Options.ConfigurationExtensions": {
        "type": "Transitive",
        "resolved": "10.0.2",
        "contentHash": "8njGDg0OdDBM4Zox0ybuUOJZkQ8HcH49F+POZBlG+nsfzEyqOCHyHEkWeRVI62qsssiugUVEKqUttT1ZbV0aJQ==",
        "dependencies": {
          "Microsoft.Extensions.Configuration.Abstractions": "10.0.2",
          "Microsoft.Extensions.Configuration.Binder": "10.0.2",
          "Microsoft.Extensions.DependencyInjection.Abstractions": "10.0.2",
          "Microsoft.Extensions.Options": "10.0.2",
          "Microsoft.Extensions.Primitives": "10.0.2"
        }
      },
      "Microsoft.Extensions.Primitives": {
        "type": "Transitive",
        "resolved": "10.0.2",
        "contentHash": "QmSiO+oLBEooGgB3i0GRXyeYRDHjllqt3k365jwfZlYWhvSHA3UL2NEVV5m8aZa041eIlblo6KMI5txvTMpTwA=="
      },
      "Microsoft.Extensions.Resilience": {
        "type": "Transitive",
        "resolved": "10.2.0",
        "contentHash": "v4WOdAOFxB3AcsUkZWNcHL3mYzs4KAPtHO8rkoQlFKOBoD3KyjjAL+h3tRwSK5i4UpF/yhxsQRY0JxKj4osxxw==",
        "dependencies": {
          "Microsoft.Extensions.Diagnostics": "10.0.2",
          "Microsoft.Extensions.Diagnostics.ExceptionSummarization": "10.2.0",
          "Microsoft.Extensions.Options.ConfigurationExtensions": "10.0.2",
          "Microsoft.Extensions.Telemetry.Abstractions": "10.2.0",
          "Polly.Extensions": "8.4.2",
          "Polly.RateLimiting": "8.4.2"
        }
      },
      "Microsoft.Extensions.Telemetry": {
        "type": "Transitive",
        "resolved": "10.2.0",
        "contentHash": "ssW5gosYlewNH/ISTyaLD/XfJT4GSjwShOUKv61fpXrqVmHkhuIA/5bBAGStM1XbzJjt9IG2vzfdHTu4zlX9Ew==",
        "dependencies": {
          "Microsoft.Extensions.AmbientMetadata.Application": "10.2.0",
          "Microsoft.Extensions.DependencyInjection.AutoActivation": "10.2.0",
          "Microsoft.Extensions.Logging.Configuration": "10.0.2",
          "Microsoft.Extensions.ObjectPool": "10.0.2",
          "Microsoft.Extensions.Telemetry.Abstractions": "10.2.0"
        }
      },
      "Microsoft.Extensions.Telemetry.Abstractions": {
        "type": "Transitive",
        "resolved": "10.2.0",
        "contentHash": "6V4V6NX6RLUYWwV89DeW/4zK5xOycYHWhsfMXSpKVGgMHfXcczmbk6hBeqTnRPzhpATYcOWlmA6hk1jgdxUugA==",
        "dependencies": {
          "Microsoft.Extensions.Compliance.Abstractions": "10.2.0",
          "Microsoft.Extensions.Logging.Abstractions": "10.0.2",
          "Microsoft.Extensions.ObjectPool": "10.0.2",
          "Microsoft.Extensions.Options": "10.0.2"
        }
      },
      "Microsoft.IdentityModel.Abstractions": {
        "type": "Transitive",
        "resolved": "8.14.0",
        "contentHash": "iwbCpSjD3ehfTwBhtSNEtKPK0ICun6ov7Ibx6ISNA9bfwIyzI2Siwyi9eJFCJBwxowK9xcA1mj+jBWiigeqgcQ=="
      },
      "Microsoft.IdentityModel.JsonWebTokens": {
        "type": "Transitive",
        "resolved": "8.14.0",
        "contentHash": "4jOpiA4THdtpLyMdAb24dtj7+6GmvhOhxf5XHLYWmPKF8ApEnApal1UnJsKO4HxUWRXDA6C4WQVfYyqsRhpNpQ==",
        "dependencies": {
          "Microsoft.IdentityModel.Tokens": "8.14.0"
        }
      },
      "Microsoft.IdentityModel.Logging": {
        "type": "Transitive",
        "resolved": "8.14.0",
        "contentHash": "eqqnemdW38CKZEHS6diA50BV94QICozDZEvSrsvN3SJXUFwVB9gy+/oz76gldP7nZliA16IglXjXTCTdmU/Ejg==",
        "dependencies": {
          "Microsoft.IdentityModel.Abstractions": "8.14.0"
        }
      },
      "Microsoft.IdentityModel.Protocols": {
        "type": "Transitive",
        "resolved": "8.14.0",
        "contentHash": "rLr9HmibIpwkrOnsYyF3SGKx+6q2ewKDc3xzITngydqflG3TDVqAaby7yFRbP8du43If2S44fseoAkaL8A0Ivg==",
        "dependencies": {
          "Microsoft.IdentityModel.Tokens": "8.14.0"
        }
      },
      "Microsoft.IdentityModel.Tokens": {
        "type": "Transitive",
        "resolved": "8.14.0",
        "contentHash": "lKIZiBiGd36k02TCdMHp1KlNWisyIvQxcYJvIkz7P4gSQ9zi8dgh6S5Grj8NNG7HWYIPfQymGyoZ6JB5d1Lo1g==",
        "dependencies": {
          "Microsoft.Extensions.Logging.Abstractions": "8.0.0",
          "Microsoft.IdentityModel.Logging": "8.14.0"
        }
      },
      "Microsoft.Net.Http.Headers": {
        "type": "Transitive",
        "resolved": "10.0.0",
        "contentHash": "oAB8tXiJn2AMMUPEGWNquy9LagAwzb6TTmJmBWcoS9kM5YUbNUMy2UMkW6kMw9wrFpNco4vAZCuY7VLJoKdd3g==",
        "dependencies": {
          "Microsoft.Extensions.Primitives": "10.0.0"
        }
      },
      "OpenIddict": {
        "type": "Transitive",
        "resolved": "7.2.0",
        "contentHash": "mZecydAF6cXoMMr2Ergk8y08+L6YHAtg5YfrjHSs/ETfTTT56oBY0GfK7ijc4ijrv6idmClcDtf3qUlAY35dGA==",
        "dependencies": {
          "OpenIddict.Abstractions": "7.2.0",
          "OpenIddict.Client": "7.2.0",
          "OpenIddict.Client.SystemIntegration": "7.2.0",
          "OpenIddict.Client.SystemNetHttp": "7.2.0",
          "OpenIddict.Client.WebIntegration": "7.2.0",
          "OpenIddict.Core": "7.2.0",
          "OpenIddict.Server": "7.2.0",
          "OpenIddict.Validation": "7.2.0",
          "OpenIddict.Validation.ServerIntegration": "7.2.0",
          "OpenIddict.Validation.SystemNetHttp": "7.2.0"
        }
      },
      "OpenIddict.Abstractions": {
        "type": "Transitive",
        "resolved": "7.2.0",
        "contentHash": "E0HB2Eps8shrRx7n3/QkwusiCPcnzcMi2JF16GZqff9Jx2PS3t3VyiOaW54cxPDIESNH3/VcguT+VrQPQrnRtQ==",
        "dependencies": {
          "Microsoft.Extensions.DependencyInjection.Abstractions": "10.0.0",
          "Microsoft.Extensions.Primitives": "10.0.0",
          "Microsoft.IdentityModel.Tokens": "8.14.0"
        }
      },
      "OpenIddict.Client": {
        "type": "Transitive",
        "resolved": "7.2.0",
        "contentHash": "tpCHS8TKABHV+k+cA3jtgxEMdnLopQ2m/wZzSyhO+RTUF91cl99zHM1qedyEzYisQRNkgeHh42d7xmmcJCrL2g==",
        "dependencies": {
          "Microsoft.Extensions.Logging": "10.0.0",
          "Microsoft.IdentityModel.JsonWebTokens": "8.14.0",
          "Microsoft.IdentityModel.Protocols": "8.14.0",
          "OpenIddict.Abstractions": "7.2.0"
        }
      },
      "OpenIddict.Client.AspNetCore": {
        "type": "Transitive",
        "resolved": "7.2.0",
        "contentHash": "+FdWuk/rWL9ZXS2nteR7c5qAu2YpXLgcQi0wAPO9HJtnd8R9oVQY3PKyoguAEFOHX/9Z9owsdinOzNs9ie4T4g==",
        "dependencies": {
          "OpenIddict.Client": "7.2.0"
        }
      },
      "OpenIddict.Client.DataProtection": {
        "type": "Transitive",
        "resolved": "7.2.0",
        "contentHash": "d5YlnFsa0R23oMaJBdyVraFtw1+GBlvmAHTE7HCb+t1cRpX3q6ljAfQEGQU4uxsEat7q1P3l2j02cAVBavUiWA==",
        "dependencies": {
          "OpenIddict.Client": "7.2.0"
        }
      },
      "OpenIddict.Client.SystemIntegration": {
        "type": "Transitive",
        "resolved": "7.2.0",
        "contentHash": "ROHYcM0btCn4ti5iPVcWDQubqFghDHOhmA4PAfSZzPll9I1Y6uGioIg0x3vtcflMuuCWVBM51U7blKW5/4y01w==",
        "dependencies": {
          "Microsoft.Extensions.Hosting.Abstractions": "10.0.0",
          "Microsoft.Net.Http.Headers": "10.0.0",
          "OpenIddict.Client": "7.2.0"
        }
      },
      "OpenIddict.Client.SystemNetHttp": {
        "type": "Transitive",
        "resolved": "7.2.0",
        "contentHash": "83oATOHQzA2FN4mi9dMpbsyPL7c++xvNeoHPKshDtSFxhoTw5+RL+1o1RZuDHcIkqAGvdiAxEO2L/vCrbjrzlw==",
        "dependencies": {
          "Microsoft.Extensions.Http.Polly": "10.0.0",
          "Microsoft.Extensions.Http.Resilience": "10.0.0",
          "OpenIddict.Client": "7.2.0"
        }
      },
      "OpenIddict.Client.WebIntegration": {
        "type": "Transitive",
        "resolved": "7.2.0",
        "contentHash": "vWGoJJc6nIJAQD4wkQO6+uiJTJUW5H6fpUbxUikUprkXMqseKpZRKYqJs97MhEisifRCBC8dNswmyDDbpzhC9g==",
        "dependencies": {
          "OpenIddict.Client": "7.2.0",
          "OpenIddict.Client.SystemNetHttp": "7.2.0"
        }
      },
      "OpenIddict.Core": {
        "type": "Transitive",
        "resolved": "7.2.0",
        "contentHash": "6TI7+8CRT5MXjK+Qp+8kOdiaKJ724/nmbpuEYSxg1CZsbKmR7doGeP/6KZkh2l0xeonFshSRQr0D0ZeoFFb0SA==",
        "dependencies": {
          "Microsoft.Extensions.Caching.Memory": "10.0.0",
          "Microsoft.Extensions.Logging": "10.0.0",
          "Microsoft.Extensions.Options": "10.0.0",
          "OpenIddict.Abstractions": "7.2.0"
        }
      },
      "OpenIddict.Server": {
        "type": "Transitive",
        "resolved": "7.2.0",
        "contentHash": "g1YVuxZbmfT7bRB6734JqSMxjBW/MJQSkjeB5RGv3LrvFAU8qVtWu3sNY0OPus5wcSziz2uBW3qqSNdcYLwWog==",
        "dependencies": {
          "Microsoft.Extensions.Logging": "10.0.0",
          "Microsoft.IdentityModel.JsonWebTokens": "8.14.0",
          "OpenIddict.Abstractions": "7.2.0"
        }
      },
      "OpenIddict.Server.AspNetCore": {
        "type": "Transitive",
        "resolved": "7.2.0",
        "contentHash": "eOstjA0C09+ujFMSFQ4Z+q6Aq+v7E9W2ZCuW7o0zP5cLz6A1CerT6mWLtnmtRQlR5iMJlRdBVNbVB1v+rkCwbg==",
        "dependencies": {
          "OpenIddict.Server": "7.2.0"
        }
      },
      "OpenIddict.Server.DataProtection": {
        "type": "Transitive",
        "resolved": "7.2.0",
        "contentHash": "1VrQ+hQwgfH0Kic6vvj21V/xYFFTE7PYDZmthrX7V6NhOU5BDsjKQBeJLITiAS3GKij2yI2jH/PXIV6UMGcYfQ==",
        "dependencies": {
          "OpenIddict.Server": "7.2.0"
        }
      },
      "OpenIddict.Validation": {
        "type": "Transitive",
        "resolved": "7.2.0",
        "contentHash": "BoBRtCtVLoCXaEXRXRFCCUv4DYOmodqVOivzUEfF4CvRAQYoAeOjdJ3IDYAj3oGRzrir3FCwS/yzXgGjTqOv0w==",
        "dependencies": {
          "Microsoft.Extensions.Logging": "10.0.0",
          "Microsoft.IdentityModel.JsonWebTokens": "8.14.0",
          "Microsoft.IdentityModel.Protocols": "8.14.0",
          "OpenIddict.Abstractions": "7.2.0"
        }
      },
      "OpenIddict.Validation.AspNetCore": {
        "type": "Transitive",
        "resolved": "7.2.0",
        "contentHash": "416QEbweO7nQFQDVOR1ZScOTWvaPop00Awbi8zygw2axR9Bq6towXsOOjDxNBH4rsytUBJR8MALoKWeQS4TvqQ==",
        "dependencies": {
          "OpenIddict.Validation": "7.2.0"
        }
      },
      "OpenIddict.Validation.DataProtection": {
        "type": "Transitive",
        "resolved": "7.2.0",
        "contentHash": "grBOJRBlVi7tOWnzjjDE8kn258SriR4qzZqvnM2BW9etjTBDq8WmK+KJuhiX+x4gcid2GRJpLsGXjyT6SKKxWA==",
        "dependencies": {
          "OpenIddict.Validation": "7.2.0"
        }
      },
      "OpenIddict.Validation.ServerIntegration": {
        "type": "Transitive",
        "resolved": "7.2.0",
        "contentHash": "4i60PqI6vhK3+IVYk/kJCWcs40p1Avh1qiN/feSCz/kco95HC78DmIQSZ5UsjyxycQj9y+ZaJ1pQQJz2V51V8A==",
        "dependencies": {
          "OpenIddict.Server": "7.2.0",
          "OpenIddict.Validation": "7.2.0"
        }
      },
      "OpenIddict.Validation.SystemNetHttp": {
        "type": "Transitive",
        "resolved": "7.2.0",
        "contentHash": "MEUoJt6kk4xpXeC+ZIbE4g3mSkc7utay9GUvCv9xjT+tX0ooPJGWp7GVm+j9HJtfCE3YZAAlWrxXbjwTj6J32A==",
        "dependencies": {
          "Microsoft.Extensions.Http.Polly": "10.0.0",
          "Microsoft.Extensions.Http.Resilience": "10.0.0",
          "OpenIddict.Validation": "7.2.0"
        }
      },
      "Polly": {
        "type": "Transitive",
        "resolved": "7.2.4",
        "contentHash": "bw00Ck5sh6ekduDE3mnCo1ohzuad946uslCDEENu3091+6UKnBuKLo4e+yaNcCzXxOZCXWY2gV4a35+K1d4LDA=="
      },
      "Polly.Core": {
        "type": "Transitive",
        "resolved": "8.4.2",
        "contentHash": "BpE2I6HBYYA5tF0Vn4eoQOGYTYIK1BlF5EXVgkWGn3mqUUjbXAr13J6fZVbp7Q3epRR8yshacBMlsHMhpOiV3g=="
      },
      "Polly.Extensions": {
        "type": "Transitive",
        "resolved": "8.4.2",
        "contentHash": "GZ9vRVmR0jV2JtZavt+pGUsQ1O1cuRKG7R7VOZI6ZDy9y6RNPvRvXK1tuS4ffUrv8L0FTea59oEuQzgS0R7zSA==",
        "dependencies": {
          "Microsoft.Extensions.Logging.Abstractions": "8.0.0",
          "Microsoft.Extensions.Options": "8.0.0",
          "Polly.Core": "8.4.2"
        }
      },
      "Polly.Extensions.Http": {
        "type": "Transitive",
        "resolved": "3.0.0",
        "contentHash": "drrG+hB3pYFY7w1c3BD+lSGYvH2oIclH8GRSehgfyP5kjnFnHKQuuBhuHLv+PWyFuaTDyk/vfRpnxOzd11+J8g==",
        "dependencies": {
          "Polly": "7.1.0"
        }
      },
      "Polly.RateLimiting": {
        "type": "Transitive",
        "resolved": "8.4.2",
        "contentHash": "ehTImQ/eUyO07VYW2WvwSmU9rRH200SKJ/3jku9rOkyWE0A2JxNFmAVms8dSn49QLSjmjFRRSgfNyOgr/2PSmA==",
        "dependencies": {
          "Polly.Core": "8.4.2",
          "System.Threading.RateLimiting": "8.0.0"
        }
      },
      "System.Threading.RateLimiting": {
        "type": "Transitive",
        "resolved": "8.0.0",
        "contentHash": "7mu9v0QDv66ar3DpGSZHg9NuNcxDaaAcnMULuZlaTpP9+hwXhrxNGsF5GmLkSHxFdb5bBc1TzeujsRgTrPWi+Q=="
      },
      "identityprovider.core": {
        "type": "Project",
        "dependencies": {
          "Microsoft.AspNetCore.Identity.EntityFrameworkCore": "[10.0.2, )"
        }
      },
      "Microsoft.AspNetCore.Identity.EntityFrameworkCore": {
        "type": "CentralTransitive",
        "requested": "[10.0.2, )",
        "resolved": "10.0.2",
        "contentHash": "+RJnRYpfkDBzFykHfIWsyOmFcAgAUMVNtmXvEuEmhlK4q1exOS9LQN7SW6kSfzITj+ysBwEBMVx5oiOTGQmMeQ==",
        "dependencies": {
          "Microsoft.EntityFrameworkCore.Relational": "10.0.2",
          "Microsoft.Extensions.Identity.Stores": "10.0.2"
        }
      },
      "Microsoft.EntityFrameworkCore": {
        "type": "CentralTransitive",
        "requested": "[10.0.2, )",
        "resolved": "10.0.2",
        "contentHash": "d3+XKbLSHPCu3vwpXECoXcFbvGKmAhEeUmc1xy2czmuPnEF7rZN2HP5ZGMwCMbAKk4B01+nS4HixSMo2Vf/Y9g==",
        "dependencies": {
          "Microsoft.EntityFrameworkCore.Abstractions": "10.0.2",
          "Microsoft.EntityFrameworkCore.Analyzers": "10.0.2",
          "Microsoft.Extensions.Caching.Memory": "10.0.2",
          "Microsoft.Extensions.Logging": "10.0.2"
        }
      },
      "Microsoft.Extensions.DependencyInjection.Abstractions": {
        "type": "CentralTransitive",
        "requested": "[10.0.2, )",
        "resolved": "10.0.2",
        "contentHash": "zOIurr59+kUf9vNcsUkCvKWZv+fPosUZXURZesYkJCvl0EzTc9F7maAO4Cd2WEV7ZJJ0AZrFQvuH6Npph9wdBw=="
      },
      "Microsoft.Extensions.Http.Resilience": {
        "type": "CentralTransitive",
        "requested": "[10.2.0, )",
        "resolved": "10.2.0",
        "contentHash": "Lg+OjBW+ODDbM4Ax4LoERvQ1dqSZ8I2gQc2+B0/WOWl2+PunLJ3xb3x8MtHGfcb/Mp98RoMpwRKm6Aj9mzXwrA==",
        "dependencies": {
          "Microsoft.Extensions.Http.Diagnostics": "10.2.0",
          "Microsoft.Extensions.ObjectPool": "10.0.2",
          "Microsoft.Extensions.Resilience": "10.2.0"
        }
      }
    },
    "net10.0/linux-x64": {},
    "net10.0/osx-x64": {},
    "net10.0/win-x64": {}
  }
}